// !$*UTF8*$!
{
	archiveVersion = 1;
	classes = {
	};
	objectVersion = 56;
	objects = {

/* Begin PBXBuildFile section */
		35002A212B44FC0D00DEF27B /* Algorithms in Frameworks */ = {isa = PBXBuildFile; productRef = 35002A202B44FC0D00DEF27B /* Algorithms */; };
		3501CFB92B4EF3F600D13736 /* CurrencySelectorView.swift in Sources */ = {isa = PBXBuildFile; fileRef = 3501CFB82B4EF3F600D13736 /* CurrencySelectorView.swift */; };
		350D45822B22A03400E13008 /* TopCategoryOverviewView.swift in Sources */ = {isa = PBXBuildFile; fileRef = 350D45812B22A03400E13008 /* TopCategoryOverviewView.swift */; };
		350DF5802B5972A600AFAAFD /* GoalManager.swift in Sources */ = {isa = PBXBuildFile; fileRef = 350DF57F2B5972A600AFAAFD /* GoalManager.swift */; };
		350DF5822B59756800AFAAFD /* GoalEstimatorView.swift in Sources */ = {isa = PBXBuildFile; fileRef = 350DF5812B59756800AFAAFD /* GoalEstimatorView.swift */; };
		351061282AD74AEB006E6DF4 /* Budget.swift in Sources */ = {isa = PBXBuildFile; fileRef = 351061272AD74AEB006E6DF4 /* Budget.swift */; };
		3510F6E22AFD542D000B5532 /* ScrollView+Extensions.swift in Sources */ = {isa = PBXBuildFile; fileRef = 3510F6E12AFD542D000B5532 /* ScrollView+Extensions.swift */; };
		3510F6E42AFD58C7000B5532 /* CreateReminderView.swift in Sources */ = {isa = PBXBuildFile; fileRef = 3510F6E32AFD58C7000B5532 /* CreateReminderView.swift */; };
		3510F6E72AFD62F2000B5532 /* LocalNotificationsManager.swift in Sources */ = {isa = PBXBuildFile; fileRef = 3510F6E62AFD62F2000B5532 /* LocalNotificationsManager.swift */; };
		351839AF2AAF94C3008216F3 /* GoalsListView.swift in Sources */ = {isa = PBXBuildFile; fileRef = 351839AE2AAF94C3008216F3 /* GoalsListView.swift */; };
		351A02F52AD1AD8B0051A683 /* RecurrentPaymentDetailView.swift in Sources */ = {isa = PBXBuildFile; fileRef = 351A02F42AD1AD8B0051A683 /* RecurrentPaymentDetailView.swift */; };
		351D3D612AD0D5C00022E696 /* PopupView in Frameworks */ = {isa = PBXBuildFile; productRef = 351D3D602AD0D5C00022E696 /* PopupView */; };
		35239D5D2B2BE81800EE66FF /* EXChartBar.swift in Sources */ = {isa = PBXBuildFile; fileRef = 35239D5C2B2BE81800EE66FF /* EXChartBar.swift */; };
		353311072ACD064100EEB64B /* TransactionsListView.swift in Sources */ = {isa = PBXBuildFile; fileRef = 353311062ACD064100EEB64B /* TransactionsListView.swift */; };
		3534A9082B409E1F0019ACEC /* MonthRecapService.swift in Sources */ = {isa = PBXBuildFile; fileRef = 3534A9072B409E1F0019ACEC /* MonthRecapService.swift */; };
		3538822C2B4E4B7500EB57D1 /* AppSettingsView.swift in Sources */ = {isa = PBXBuildFile; fileRef = 3538822B2B4E4B7400EB57D1 /* AppSettingsView.swift */; };
		3538822E2B4E4C5E00EB57D1 /* Currency.swift in Sources */ = {isa = PBXBuildFile; fileRef = 3538822D2B4E4C5E00EB57D1 /* Currency.swift */; };
		353B833E2B62136400DEFC2C /* Aptabase in Frameworks */ = {isa = PBXBuildFile; productRef = 353B833D2B62136400DEFC2C /* Aptabase */; };
		353E5C2F2ACA01D400430978 /* Date+Extension.swift in Sources */ = {isa = PBXBuildFile; fileRef = 353E5C2E2ACA01D400430978 /* Date+Extension.swift */; };
		353E5C322ACA1F6600430978 /* RecurrentPayment.swift in Sources */ = {isa = PBXBuildFile; fileRef = 353E5C312ACA1F6600430978 /* RecurrentPayment.swift */; };
		353F1FDD2AF432FB001BE114 /* CategoryDescription.swift in Sources */ = {isa = PBXBuildFile; fileRef = 353F1FDC2AF432FB001BE114 /* CategoryDescription.swift */; };
		353FF4892AF499AF000BF57A /* GoalAnalyticsView.swift in Sources */ = {isa = PBXBuildFile; fileRef = 353FF4882AF499AF000BF57A /* GoalAnalyticsView.swift */; };
		3540BEFA2AF586CC00F7E41F /* EXEmptyStates.swift in Sources */ = {isa = PBXBuildFile; fileRef = 3540BEF92AF586CC00F7E41F /* EXEmptyStates.swift */; };
		3540BEFC2AF58CAD00F7E41F /* EXEmptyStateView.swift in Sources */ = {isa = PBXBuildFile; fileRef = 3540BEFB2AF58CAD00F7E41F /* EXEmptyStateView.swift */; };
		354716842B45C4C8009BEEC0 /* WishKit in Frameworks */ = {isa = PBXBuildFile; productRef = 354716832B45C4C8009BEEC0 /* WishKit */; };
		354A7C0B2ABDE57900934E4E /* CategoriesSettingsView.swift in Sources */ = {isa = PBXBuildFile; fileRef = 354A7C0A2ABDE57900934E4E /* CategoriesSettingsView.swift */; };
		354F2B052AB8C861002516F1 /* AddGoalView.swift in Sources */ = {isa = PBXBuildFile; fileRef = 354F2B042AB8C860002516F1 /* AddGoalView.swift */; };
		354F2B0B2AB8D24B002516F1 /* DateSelectorView.swift in Sources */ = {isa = PBXBuildFile; fileRef = 354F2B0A2AB8D24B002516F1 /* DateSelectorView.swift */; };
		354F2B122AB90443002516F1 /* SettingsView.swift in Sources */ = {isa = PBXBuildFile; fileRef = 354F2B112AB90443002516F1 /* SettingsView.swift */; };
		354F2B152AB9F189002516F1 /* SwiftUIIntrospect in Frameworks */ = {isa = PBXBuildFile; productRef = 354F2B142AB9F189002516F1 /* SwiftUIIntrospect */; };
		3558FBBE2ACA3F8E00624EBD /* EXGoalCell.swift in Sources */ = {isa = PBXBuildFile; fileRef = 3558FBBD2ACA3F8E00624EBD /* EXGoalCell.swift */; };
		3558FBC12ACA415500624EBD /* Goal.swift in Sources */ = {isa = PBXBuildFile; fileRef = 3558FBC02ACA415500624EBD /* Goal.swift */; };
		355BB4082ABCB1DE00A71834 /* AddCategoryView.swift in Sources */ = {isa = PBXBuildFile; fileRef = 355BB4072ABCB1DE00A71834 /* AddCategoryView.swift */; };
		355FCC1E2B38D90700BA8F4F /* MonthRecapData.swift in Sources */ = {isa = PBXBuildFile; fileRef = 355FCC1D2B38D90700BA8F4F /* MonthRecapData.swift */; };
		3564D81F2ACB71EB00553ECB /* EditGoalView.swift in Sources */ = {isa = PBXBuildFile; fileRef = 3564D81E2ACB71EB00553ECB /* EditGoalView.swift */; };
		3567EADB2B2B7D8A009E76D6 /* TopCategories.swift in Sources */ = {isa = PBXBuildFile; fileRef = 3567EADA2B2B7D8A009E76D6 /* TopCategories.swift */; };
		356847742ACB2D4E00FFC864 /* GoalDetailView.swift in Sources */ = {isa = PBXBuildFile; fileRef = 356847732ACB2D4E00FFC864 /* GoalDetailView.swift */; };
		356EB7AA2AEC119F001E6FD6 /* TransactionInsightsView.swift in Sources */ = {isa = PBXBuildFile; fileRef = 356EB7A92AEC119F001E6FD6 /* TransactionInsightsView.swift */; };
		357562AE2B2A182A002082A0 /* EXCircleProgressView.swift in Sources */ = {isa = PBXBuildFile; fileRef = 357562AD2B2A182A002082A0 /* EXCircleProgressView.swift */; };
		35825BF92AC9CDB600713AD8 /* EXRecurringTransactionCell.swift in Sources */ = {isa = PBXBuildFile; fileRef = 35825BF82AC9CDB600713AD8 /* EXRecurringTransactionCell.swift */; };
		35825BFB2AC9D01C00713AD8 /* EXTransactionCell.swift in Sources */ = {isa = PBXBuildFile; fileRef = 35825BFA2AC9D01C00713AD8 /* EXTransactionCell.swift */; };
		35825BFD2AC9E71700713AD8 /* RecurrentPaymentsListView.swift in Sources */ = {isa = PBXBuildFile; fileRef = 35825BFC2AC9E71700713AD8 /* RecurrentPaymentsListView.swift */; };
		35825C002AC9FDEB00713AD8 /* EXDatePicker.swift in Sources */ = {isa = PBXBuildFile; fileRef = 35825BFF2AC9FDEB00713AD8 /* EXDatePicker.swift */; };
		358900E12B375E78009509FC /* MonthRecapOverviewView.swift in Sources */ = {isa = PBXBuildFile; fileRef = 358900E02B375E78009509FC /* MonthRecapOverviewView.swift */; };
		358978D62AFEBF6400E8C378 /* Double+Extension.swift in Sources */ = {isa = PBXBuildFile; fileRef = 358978D52AFEBF6400E8C378 /* Double+Extension.swift */; };
		358978D92AFEC0FF00E8C378 /* DebugMenuView.swift in Sources */ = {isa = PBXBuildFile; fileRef = 358978D82AFEC0FF00E8C378 /* DebugMenuView.swift */; };
		3589BC272AD899BA00BA8289 /* Realm in Frameworks */ = {isa = PBXBuildFile; productRef = 3589BC262AD899BA00BA8289 /* Realm */; };
		3589BC292AD899BA00BA8289 /* RealmSwift in Frameworks */ = {isa = PBXBuildFile; productRef = 3589BC282AD899BA00BA8289 /* RealmSwift */; };
		358B71F72B40F05300511E81 /* EXEmojiKeyboard.swift in Sources */ = {isa = PBXBuildFile; fileRef = 358B71F62B40F05300511E81 /* EXEmojiKeyboard.swift */; };
		358BA4B82AD5D06500229504 /* ResizableTextFieldModifier.swift in Sources */ = {isa = PBXBuildFile; fileRef = 358BA4B72AD5D06500229504 /* ResizableTextFieldModifier.swift */; };
		358E6B7F2AC0840900ABA818 /* CategorySelectorView.swift in Sources */ = {isa = PBXBuildFile; fileRef = 358E6B7E2AC0840900ABA818 /* CategorySelectorView.swift */; };
		3590948F2AAD3EC300428B39 /* ExpensaroApp.swift in Sources */ = {isa = PBXBuildFile; fileRef = 3590948E2AAD3EC300428B39 /* ExpensaroApp.swift */; };
		359094932AAD3EC400428B39 /* Assets.xcassets in Resources */ = {isa = PBXBuildFile; fileRef = 359094922AAD3EC400428B39 /* Assets.xcassets */; };
		359094962AAD3EC400428B39 /* Preview Assets.xcassets in Resources */ = {isa = PBXBuildFile; fileRef = 359094952AAD3EC400428B39 /* Preview Assets.xcassets */; };
		3590949E2AAE33FD00428B39 /* Router.swift in Sources */ = {isa = PBXBuildFile; fileRef = 3590949D2AAE33FD00428B39 /* Router.swift */; };
		359094A02AAE340D00428B39 /* RootNavigationController.swift in Sources */ = {isa = PBXBuildFile; fileRef = 3590949F2AAE340D00428B39 /* RootNavigationController.swift */; };
		359094A22AAE341E00428B39 /* NavigationViewBuilder.swift in Sources */ = {isa = PBXBuildFile; fileRef = 359094A12AAE341E00428B39 /* NavigationViewBuilder.swift */; };
		359094A42AAE342F00428B39 /* NavigationControllers.swift in Sources */ = {isa = PBXBuildFile; fileRef = 359094A32AAE342F00428B39 /* NavigationControllers.swift */; };
		359094A62AAE344000428B39 /* HostingController.swift in Sources */ = {isa = PBXBuildFile; fileRef = 359094A52AAE344000428B39 /* HostingController.swift */; };
		359094AB2AAE365900428B39 /* ExpensaroUIKit in Frameworks */ = {isa = PBXBuildFile; productRef = 359094AA2AAE365900428B39 /* ExpensaroUIKit */; };
		359094AD2AAE390500428B39 /* HomeView.swift in Sources */ = {isa = PBXBuildFile; fileRef = 359094AC2AAE390500428B39 /* HomeView.swift */; };
		359094B72AAE575D00428B39 /* View+Extensions.swift in Sources */ = {isa = PBXBuildFile; fileRef = 359094B62AAE575D00428B39 /* View+Extensions.swift */; };
		3592EFFB2AF32D10008138EE /* FirstAppear.swift in Sources */ = {isa = PBXBuildFile; fileRef = 3592EFFA2AF32D10008138EE /* FirstAppear.swift */; };
		359CDC542AB4C69600DFFDC7 /* OnboardingView.swift in Sources */ = {isa = PBXBuildFile; fileRef = 359CDC532AB4C69600DFFDC7 /* OnboardingView.swift */; };
		359CDC5C2AB4DE3300DFFDC7 /* TabBarView.swift in Sources */ = {isa = PBXBuildFile; fileRef = 359CDC5B2AB4DE3300DFFDC7 /* TabBarView.swift */; };
		359CDC602AB4DF4400DFFDC7 /* InitialPermissionView.swift in Sources */ = {isa = PBXBuildFile; fileRef = 359CDC5F2AB4DF4400DFFDC7 /* InitialPermissionView.swift */; };
		359CDC622AB50C0000DFFDC7 /* AddTransactionView.swift in Sources */ = {isa = PBXBuildFile; fileRef = 359CDC612AB50C0000DFFDC7 /* AddTransactionView.swift */; };
		35ACB7E82AB3EDB800F7ECE5 /* OverviewView.swift in Sources */ = {isa = PBXBuildFile; fileRef = 35ACB7E72AB3EDB800F7ECE5 /* OverviewView.swift */; };
		35B25D2D2B3DC59A001417F9 /* SelectedCategoryAnalyticsManager.swift in Sources */ = {isa = PBXBuildFile; fileRef = 35B25D2C2B3DC59A001417F9 /* SelectedCategoryAnalyticsManager.swift */; };
		35B25D2F2B3DDB58001417F9 /* Realm+Extensions.swift in Sources */ = {isa = PBXBuildFile; fileRef = 35B25D2E2B3DDB58001417F9 /* Realm+Extensions.swift */; };
		35B25D312B3DDD0F001417F9 /* TopCategoryManager.swift in Sources */ = {isa = PBXBuildFile; fileRef = 35B25D302B3DDD0F001417F9 /* TopCategoryManager.swift */; };
		35B9BEE32ADB88AC00DD5BAE /* EXNumberKeyboard.swift in Sources */ = {isa = PBXBuildFile; fileRef = 35B9BEE22ADB88AC00DD5BAE /* EXNumberKeyboard.swift */; };
		35BB8A3B2AD89C1C0099E71F /* Category.swift in Sources */ = {isa = PBXBuildFile; fileRef = 35BB8A3A2AD89C1C0099E71F /* Category.swift */; };
		35BD86242B4DBC8A009BC2D7 /* Shimmer in Frameworks */ = {isa = PBXBuildFile; productRef = 35BD86232B4DBC8A009BC2D7 /* Shimmer */; };
		35BEF35D2AB378DB005D1138 /* Source.swift in Sources */ = {isa = PBXBuildFile; fileRef = 35BEF35C2AB378DB005D1138 /* Source.swift */; };
		35BEF3602AB37AA6005D1138 /* AddBudgetView.swift in Sources */ = {isa = PBXBuildFile; fileRef = 35BEF35F2AB37AA6005D1138 /* AddBudgetView.swift */; };
		35BEF3632AB38088005D1138 /* BottomSheetModifier.swift in Sources */ = {isa = PBXBuildFile; fileRef = 35BEF3622AB38088005D1138 /* BottomSheetModifier.swift */; };
		35BEF3652AB38814005D1138 /* AddRecurrentPaymentView.swift in Sources */ = {isa = PBXBuildFile; fileRef = 35BEF3642AB38814005D1138 /* AddRecurrentPaymentView.swift */; };
		35C80C6D2ABF59DE0063553E /* RemindersSettingsView.swift in Sources */ = {isa = PBXBuildFile; fileRef = 35C80C6C2ABF59DE0063553E /* RemindersSettingsView.swift */; };
		35C80C6F2ABF84880063553E /* ContactSettingsView.swift in Sources */ = {isa = PBXBuildFile; fileRef = 35C80C6E2ABF84880063553E /* ContactSettingsView.swift */; };
		35C883F32ACE186600F6E1FB /* TransactionDetailView.swift in Sources */ = {isa = PBXBuildFile; fileRef = 35C883F22ACE186500F6E1FB /* TransactionDetailView.swift */; };
		35CE33E42AE1891A00BC93C2 /* AddGoalTransactionView.swift in Sources */ = {isa = PBXBuildFile; fileRef = 35CE33E32AE1891A00BC93C2 /* AddGoalTransactionView.swift */; };
		35CE33E62AE18CEB00BC93C2 /* EXGoalTransactionCell.swift in Sources */ = {isa = PBXBuildFile; fileRef = 35CE33E52AE18CEB00BC93C2 /* EXGoalTransactionCell.swift */; };
		35DE97DE2AE747F900CEF68D /* EXToast.swift in Sources */ = {isa = PBXBuildFile; fileRef = 35DE97DD2AE747F900CEF68D /* EXToast.swift */; };
		35DFA06A2AC385F10008246A /* EraseDataSettingsView.swift in Sources */ = {isa = PBXBuildFile; fileRef = 35DFA0692AC385F10008246A /* EraseDataSettingsView.swift */; };
		35E80A782B3B3184006231F8 /* CategoriesBreakdownOverviewView.swift in Sources */ = {isa = PBXBuildFile; fileRef = 35E80A772B3B3184006231F8 /* CategoriesBreakdownOverviewView.swift */; };
		35E8743A2ACC7EE2002368DB /* PeriodicitySelectorView.swift in Sources */ = {isa = PBXBuildFile; fileRef = 35E874392ACC7EE2002368DB /* PeriodicitySelectorView.swift */; };
		35E8743D2ACC899A002368DB /* Transaction.swift in Sources */ = {isa = PBXBuildFile; fileRef = 35E8743C2ACC899A002368DB /* Transaction.swift */; };
		35F207A62ADA3EC400834C52 /* RealmMigrator.swift in Sources */ = {isa = PBXBuildFile; fileRef = 35F207A52ADA3EC400834C52 /* RealmMigrator.swift */; };
		35FA687C2B4B04D80005A067 /* AnalyticsManager.swift in Sources */ = {isa = PBXBuildFile; fileRef = 35FA687B2B4B04D80005A067 /* AnalyticsManager.swift */; };
/* End PBXBuildFile section */

/* Begin PBXFileReference section */
		3501CFB82B4EF3F600D13736 /* CurrencySelectorView.swift */ = {isa = PBXFileReference; lastKnownFileType = sourcecode.swift; path = CurrencySelectorView.swift; sourceTree = "<group>"; };
		350D45812B22A03400E13008 /* TopCategoryOverviewView.swift */ = {isa = PBXFileReference; lastKnownFileType = sourcecode.swift; path = TopCategoryOverviewView.swift; sourceTree = "<group>"; };
		350DF57F2B5972A600AFAAFD /* GoalManager.swift */ = {isa = PBXFileReference; lastKnownFileType = sourcecode.swift; path = GoalManager.swift; sourceTree = "<group>"; };
		350DF5812B59756800AFAAFD /* GoalEstimatorView.swift */ = {isa = PBXFileReference; lastKnownFileType = sourcecode.swift; path = GoalEstimatorView.swift; sourceTree = "<group>"; };
		351061272AD74AEB006E6DF4 /* Budget.swift */ = {isa = PBXFileReference; lastKnownFileType = sourcecode.swift; path = Budget.swift; sourceTree = "<group>"; };
		3510F6E12AFD542D000B5532 /* ScrollView+Extensions.swift */ = {isa = PBXFileReference; lastKnownFileType = sourcecode.swift; path = "ScrollView+Extensions.swift"; sourceTree = "<group>"; };
		3510F6E32AFD58C7000B5532 /* CreateReminderView.swift */ = {isa = PBXFileReference; lastKnownFileType = sourcecode.swift; path = CreateReminderView.swift; sourceTree = "<group>"; };
		3510F6E62AFD62F2000B5532 /* LocalNotificationsManager.swift */ = {isa = PBXFileReference; lastKnownFileType = sourcecode.swift; path = LocalNotificationsManager.swift; sourceTree = "<group>"; };
		351839AE2AAF94C3008216F3 /* GoalsListView.swift */ = {isa = PBXFileReference; lastKnownFileType = sourcecode.swift; path = GoalsListView.swift; sourceTree = "<group>"; };
		351A02F42AD1AD8B0051A683 /* RecurrentPaymentDetailView.swift */ = {isa = PBXFileReference; lastKnownFileType = sourcecode.swift; path = RecurrentPaymentDetailView.swift; sourceTree = "<group>"; };
		35239D5C2B2BE81800EE66FF /* EXChartBar.swift */ = {isa = PBXFileReference; lastKnownFileType = sourcecode.swift; path = EXChartBar.swift; sourceTree = "<group>"; };
		353311062ACD064100EEB64B /* TransactionsListView.swift */ = {isa = PBXFileReference; lastKnownFileType = sourcecode.swift; path = TransactionsListView.swift; sourceTree = "<group>"; };
		3534A9072B409E1F0019ACEC /* MonthRecapService.swift */ = {isa = PBXFileReference; lastKnownFileType = sourcecode.swift; path = MonthRecapService.swift; sourceTree = "<group>"; };
		3538822B2B4E4B7400EB57D1 /* AppSettingsView.swift */ = {isa = PBXFileReference; lastKnownFileType = sourcecode.swift; path = AppSettingsView.swift; sourceTree = "<group>"; };
		3538822D2B4E4C5E00EB57D1 /* Currency.swift */ = {isa = PBXFileReference; lastKnownFileType = sourcecode.swift; path = Currency.swift; sourceTree = "<group>"; };
		353E5C2E2ACA01D400430978 /* Date+Extension.swift */ = {isa = PBXFileReference; lastKnownFileType = sourcecode.swift; path = "Date+Extension.swift"; sourceTree = "<group>"; };
		353E5C312ACA1F6600430978 /* RecurrentPayment.swift */ = {isa = PBXFileReference; lastKnownFileType = sourcecode.swift; path = RecurrentPayment.swift; sourceTree = "<group>"; };
		353F1FDC2AF432FB001BE114 /* CategoryDescription.swift */ = {isa = PBXFileReference; lastKnownFileType = sourcecode.swift; path = CategoryDescription.swift; sourceTree = "<group>"; };
		353FF4882AF499AF000BF57A /* GoalAnalyticsView.swift */ = {isa = PBXFileReference; lastKnownFileType = sourcecode.swift; path = GoalAnalyticsView.swift; sourceTree = "<group>"; };
		3540BEF92AF586CC00F7E41F /* EXEmptyStates.swift */ = {isa = PBXFileReference; lastKnownFileType = sourcecode.swift; path = EXEmptyStates.swift; sourceTree = "<group>"; };
		3540BEFB2AF58CAD00F7E41F /* EXEmptyStateView.swift */ = {isa = PBXFileReference; lastKnownFileType = sourcecode.swift; path = EXEmptyStateView.swift; sourceTree = "<group>"; };
		354A7C0A2ABDE57900934E4E /* CategoriesSettingsView.swift */ = {isa = PBXFileReference; lastKnownFileType = sourcecode.swift; path = CategoriesSettingsView.swift; sourceTree = "<group>"; };
		354F2B042AB8C860002516F1 /* AddGoalView.swift */ = {isa = PBXFileReference; lastKnownFileType = sourcecode.swift; path = AddGoalView.swift; sourceTree = "<group>"; };
		354F2B0A2AB8D24B002516F1 /* DateSelectorView.swift */ = {isa = PBXFileReference; lastKnownFileType = sourcecode.swift; path = DateSelectorView.swift; sourceTree = "<group>"; };
		354F2B112AB90443002516F1 /* SettingsView.swift */ = {isa = PBXFileReference; lastKnownFileType = sourcecode.swift; path = SettingsView.swift; sourceTree = "<group>"; };
		3558FBBD2ACA3F8E00624EBD /* EXGoalCell.swift */ = {isa = PBXFileReference; lastKnownFileType = sourcecode.swift; path = EXGoalCell.swift; sourceTree = "<group>"; };
		3558FBC02ACA415500624EBD /* Goal.swift */ = {isa = PBXFileReference; lastKnownFileType = sourcecode.swift; path = Goal.swift; sourceTree = "<group>"; };
		355BB4072ABCB1DE00A71834 /* AddCategoryView.swift */ = {isa = PBXFileReference; lastKnownFileType = sourcecode.swift; path = AddCategoryView.swift; sourceTree = "<group>"; };
		355FCC1D2B38D90700BA8F4F /* MonthRecapData.swift */ = {isa = PBXFileReference; lastKnownFileType = sourcecode.swift; path = MonthRecapData.swift; sourceTree = "<group>"; };
		3564D81E2ACB71EB00553ECB /* EditGoalView.swift */ = {isa = PBXFileReference; lastKnownFileType = sourcecode.swift; path = EditGoalView.swift; sourceTree = "<group>"; };
		3567EADA2B2B7D8A009E76D6 /* TopCategories.swift */ = {isa = PBXFileReference; lastKnownFileType = sourcecode.swift; path = TopCategories.swift; sourceTree = "<group>"; };
		356847732ACB2D4E00FFC864 /* GoalDetailView.swift */ = {isa = PBXFileReference; lastKnownFileType = sourcecode.swift; path = GoalDetailView.swift; sourceTree = "<group>"; };
		356EB7A92AEC119F001E6FD6 /* TransactionInsightsView.swift */ = {isa = PBXFileReference; lastKnownFileType = sourcecode.swift; path = TransactionInsightsView.swift; sourceTree = "<group>"; };
		357562AD2B2A182A002082A0 /* EXCircleProgressView.swift */ = {isa = PBXFileReference; lastKnownFileType = sourcecode.swift; path = EXCircleProgressView.swift; sourceTree = "<group>"; };
		35825BF82AC9CDB600713AD8 /* EXRecurringTransactionCell.swift */ = {isa = PBXFileReference; lastKnownFileType = sourcecode.swift; path = EXRecurringTransactionCell.swift; sourceTree = "<group>"; };
		35825BFA2AC9D01C00713AD8 /* EXTransactionCell.swift */ = {isa = PBXFileReference; lastKnownFileType = sourcecode.swift; path = EXTransactionCell.swift; sourceTree = "<group>"; };
		35825BFC2AC9E71700713AD8 /* RecurrentPaymentsListView.swift */ = {isa = PBXFileReference; lastKnownFileType = sourcecode.swift; path = RecurrentPaymentsListView.swift; sourceTree = "<group>"; };
		35825BFF2AC9FDEB00713AD8 /* EXDatePicker.swift */ = {isa = PBXFileReference; lastKnownFileType = sourcecode.swift; path = EXDatePicker.swift; sourceTree = "<group>"; };
		358900E02B375E78009509FC /* MonthRecapOverviewView.swift */ = {isa = PBXFileReference; lastKnownFileType = sourcecode.swift; path = MonthRecapOverviewView.swift; sourceTree = "<group>"; };
		358978D52AFEBF6400E8C378 /* Double+Extension.swift */ = {isa = PBXFileReference; lastKnownFileType = sourcecode.swift; path = "Double+Extension.swift"; sourceTree = "<group>"; };
		358978D82AFEC0FF00E8C378 /* DebugMenuView.swift */ = {isa = PBXFileReference; lastKnownFileType = sourcecode.swift; path = DebugMenuView.swift; sourceTree = "<group>"; };
		358B71F62B40F05300511E81 /* EXEmojiKeyboard.swift */ = {isa = PBXFileReference; lastKnownFileType = sourcecode.swift; path = EXEmojiKeyboard.swift; sourceTree = "<group>"; };
		358BA4B72AD5D06500229504 /* ResizableTextFieldModifier.swift */ = {isa = PBXFileReference; lastKnownFileType = sourcecode.swift; path = ResizableTextFieldModifier.swift; sourceTree = "<group>"; };
		358E6B7E2AC0840900ABA818 /* CategorySelectorView.swift */ = {isa = PBXFileReference; lastKnownFileType = sourcecode.swift; path = CategorySelectorView.swift; sourceTree = "<group>"; };
		3590948B2AAD3EC300428B39 /* Expensaro.app */ = {isa = PBXFileReference; explicitFileType = wrapper.application; includeInIndex = 0; path = Expensaro.app; sourceTree = BUILT_PRODUCTS_DIR; };
		3590948E2AAD3EC300428B39 /* ExpensaroApp.swift */ = {isa = PBXFileReference; lastKnownFileType = sourcecode.swift; path = ExpensaroApp.swift; sourceTree = "<group>"; };
		359094922AAD3EC400428B39 /* Assets.xcassets */ = {isa = PBXFileReference; lastKnownFileType = folder.assetcatalog; path = Assets.xcassets; sourceTree = "<group>"; };
		359094952AAD3EC400428B39 /* Preview Assets.xcassets */ = {isa = PBXFileReference; lastKnownFileType = folder.assetcatalog; path = "Preview Assets.xcassets"; sourceTree = "<group>"; };
		3590949D2AAE33FD00428B39 /* Router.swift */ = {isa = PBXFileReference; lastKnownFileType = sourcecode.swift; path = Router.swift; sourceTree = "<group>"; };
		3590949F2AAE340D00428B39 /* RootNavigationController.swift */ = {isa = PBXFileReference; lastKnownFileType = sourcecode.swift; path = RootNavigationController.swift; sourceTree = "<group>"; };
		359094A12AAE341E00428B39 /* NavigationViewBuilder.swift */ = {isa = PBXFileReference; lastKnownFileType = sourcecode.swift; path = NavigationViewBuilder.swift; sourceTree = "<group>"; };
		359094A32AAE342F00428B39 /* NavigationControllers.swift */ = {isa = PBXFileReference; lastKnownFileType = sourcecode.swift; path = NavigationControllers.swift; sourceTree = "<group>"; };
		359094A52AAE344000428B39 /* HostingController.swift */ = {isa = PBXFileReference; lastKnownFileType = sourcecode.swift; path = HostingController.swift; sourceTree = "<group>"; };
		359094AC2AAE390500428B39 /* HomeView.swift */ = {isa = PBXFileReference; lastKnownFileType = sourcecode.swift; path = HomeView.swift; sourceTree = "<group>"; };
		359094B62AAE575D00428B39 /* View+Extensions.swift */ = {isa = PBXFileReference; lastKnownFileType = sourcecode.swift; path = "View+Extensions.swift"; sourceTree = "<group>"; };
		3592EFFA2AF32D10008138EE /* FirstAppear.swift */ = {isa = PBXFileReference; lastKnownFileType = sourcecode.swift; path = FirstAppear.swift; sourceTree = "<group>"; };
		359CDC532AB4C69600DFFDC7 /* OnboardingView.swift */ = {isa = PBXFileReference; lastKnownFileType = sourcecode.swift; path = OnboardingView.swift; sourceTree = "<group>"; };
		359CDC5B2AB4DE3300DFFDC7 /* TabBarView.swift */ = {isa = PBXFileReference; lastKnownFileType = sourcecode.swift; path = TabBarView.swift; sourceTree = "<group>"; };
		359CDC5F2AB4DF4400DFFDC7 /* InitialPermissionView.swift */ = {isa = PBXFileReference; lastKnownFileType = sourcecode.swift; path = InitialPermissionView.swift; sourceTree = "<group>"; };
		359CDC612AB50C0000DFFDC7 /* AddTransactionView.swift */ = {isa = PBXFileReference; lastKnownFileType = sourcecode.swift; path = AddTransactionView.swift; sourceTree = "<group>"; };
		35ACB7E72AB3EDB800F7ECE5 /* OverviewView.swift */ = {isa = PBXFileReference; lastKnownFileType = sourcecode.swift; path = OverviewView.swift; sourceTree = "<group>"; };
		35B25D2C2B3DC59A001417F9 /* SelectedCategoryAnalyticsManager.swift */ = {isa = PBXFileReference; lastKnownFileType = sourcecode.swift; path = SelectedCategoryAnalyticsManager.swift; sourceTree = "<group>"; };
		35B25D2E2B3DDB58001417F9 /* Realm+Extensions.swift */ = {isa = PBXFileReference; lastKnownFileType = sourcecode.swift; path = "Realm+Extensions.swift"; sourceTree = "<group>"; };
		35B25D302B3DDD0F001417F9 /* TopCategoryManager.swift */ = {isa = PBXFileReference; lastKnownFileType = sourcecode.swift; path = TopCategoryManager.swift; sourceTree = "<group>"; };
		35B9BEE22ADB88AC00DD5BAE /* EXNumberKeyboard.swift */ = {isa = PBXFileReference; lastKnownFileType = sourcecode.swift; path = EXNumberKeyboard.swift; sourceTree = "<group>"; };
		35BB8A3A2AD89C1C0099E71F /* Category.swift */ = {isa = PBXFileReference; lastKnownFileType = sourcecode.swift; path = Category.swift; sourceTree = "<group>"; };
		35BEF35C2AB378DB005D1138 /* Source.swift */ = {isa = PBXFileReference; lastKnownFileType = sourcecode.swift; path = Source.swift; sourceTree = "<group>"; };
		35BEF35F2AB37AA6005D1138 /* AddBudgetView.swift */ = {isa = PBXFileReference; lastKnownFileType = sourcecode.swift; path = AddBudgetView.swift; sourceTree = "<group>"; };
		35BEF3622AB38088005D1138 /* BottomSheetModifier.swift */ = {isa = PBXFileReference; lastKnownFileType = sourcecode.swift; path = BottomSheetModifier.swift; sourceTree = "<group>"; };
		35BEF3642AB38814005D1138 /* AddRecurrentPaymentView.swift */ = {isa = PBXFileReference; lastKnownFileType = sourcecode.swift; path = AddRecurrentPaymentView.swift; sourceTree = "<group>"; };
		35C80C6C2ABF59DE0063553E /* RemindersSettingsView.swift */ = {isa = PBXFileReference; lastKnownFileType = sourcecode.swift; path = RemindersSettingsView.swift; sourceTree = "<group>"; };
		35C80C6E2ABF84880063553E /* ContactSettingsView.swift */ = {isa = PBXFileReference; lastKnownFileType = sourcecode.swift; path = ContactSettingsView.swift; sourceTree = "<group>"; };
		35C883F22ACE186500F6E1FB /* TransactionDetailView.swift */ = {isa = PBXFileReference; lastKnownFileType = sourcecode.swift; path = TransactionDetailView.swift; sourceTree = "<group>"; };
		35CE33E32AE1891A00BC93C2 /* AddGoalTransactionView.swift */ = {isa = PBXFileReference; lastKnownFileType = sourcecode.swift; path = AddGoalTransactionView.swift; sourceTree = "<group>"; };
		35CE33E52AE18CEB00BC93C2 /* EXGoalTransactionCell.swift */ = {isa = PBXFileReference; lastKnownFileType = sourcecode.swift; path = EXGoalTransactionCell.swift; sourceTree = "<group>"; };
		35DE97DD2AE747F900CEF68D /* EXToast.swift */ = {isa = PBXFileReference; lastKnownFileType = sourcecode.swift; path = EXToast.swift; sourceTree = "<group>"; };
		35DFA0692AC385F10008246A /* EraseDataSettingsView.swift */ = {isa = PBXFileReference; lastKnownFileType = sourcecode.swift; path = EraseDataSettingsView.swift; sourceTree = "<group>"; };
		35DFA06B2AC397870008246A /* Info.plist */ = {isa = PBXFileReference; lastKnownFileType = text.plist; path = Info.plist; sourceTree = "<group>"; };
		35E80A772B3B3184006231F8 /* CategoriesBreakdownOverviewView.swift */ = {isa = PBXFileReference; lastKnownFileType = sourcecode.swift; path = CategoriesBreakdownOverviewView.swift; sourceTree = "<group>"; };
		35E874392ACC7EE2002368DB /* PeriodicitySelectorView.swift */ = {isa = PBXFileReference; lastKnownFileType = sourcecode.swift; path = PeriodicitySelectorView.swift; sourceTree = "<group>"; };
		35E8743C2ACC899A002368DB /* Transaction.swift */ = {isa = PBXFileReference; lastKnownFileType = sourcecode.swift; path = Transaction.swift; sourceTree = "<group>"; };
		35F207A52ADA3EC400834C52 /* RealmMigrator.swift */ = {isa = PBXFileReference; lastKnownFileType = sourcecode.swift; path = RealmMigrator.swift; sourceTree = "<group>"; };
		35FA687B2B4B04D80005A067 /* AnalyticsManager.swift */ = {isa = PBXFileReference; lastKnownFileType = sourcecode.swift; path = AnalyticsManager.swift; sourceTree = "<group>"; };
/* End PBXFileReference section */

/* Begin PBXFrameworksBuildPhase section */
		359094882AAD3EC300428B39 /* Frameworks */ = {
			isa = PBXFrameworksBuildPhase;
			buildActionMask = 2147483647;
			files = (
				35002A212B44FC0D00DEF27B /* Algorithms in Frameworks */,
				3589BC292AD899BA00BA8289 /* RealmSwift in Frameworks */,
				351D3D612AD0D5C00022E696 /* PopupView in Frameworks */,
				35BD86242B4DBC8A009BC2D7 /* Shimmer in Frameworks */,
				353B833E2B62136400DEFC2C /* Aptabase in Frameworks */,
				354F2B152AB9F189002516F1 /* SwiftUIIntrospect in Frameworks */,
				354716842B45C4C8009BEEC0 /* WishKit in Frameworks */,
				359094AB2AAE365900428B39 /* ExpensaroUIKit in Frameworks */,
				3589BC272AD899BA00BA8289 /* Realm in Frameworks */,
			);
			runOnlyForDeploymentPostprocessing = 0;
		};
/* End PBXFrameworksBuildPhase section */

/* Begin PBXGroup section */
		3510F6E52AFD629E000B5532 /* Managers */ = {
			isa = PBXGroup;
			children = (
				3510F6E62AFD62F2000B5532 /* LocalNotificationsManager.swift */,
				35B25D2C2B3DC59A001417F9 /* SelectedCategoryAnalyticsManager.swift */,
				35B25D302B3DDD0F001417F9 /* TopCategoryManager.swift */,
				3534A9072B409E1F0019ACEC /* MonthRecapService.swift */,
				35FA687B2B4B04D80005A067 /* AnalyticsManager.swift */,
				350DF57F2B5972A600AFAAFD /* GoalManager.swift */,
			);
			path = Managers;
			sourceTree = "<group>";
		};
		351839AC2AAF9451008216F3 /* Goals Module */ = {
			isa = PBXGroup;
			children = (
				358773CA2AB772D50078B297 /* Core */,
				356847722ACB2D3B00FFC864 /* Helpers */,
			);
			path = "Goals Module";
			sourceTree = "<group>";
		};
		351839AD2AAF9461008216F3 /* Overview Module */ = {
			isa = PBXGroup;
			children = (
				358773C92AB772C30078B297 /* Core */,
				351A14F72AC1F1C400BCBD07 /* Helpers */,
			);
			path = "Overview Module";
			sourceTree = "<group>";
		};
		351839B02AAF9BD9008216F3 /* Core */ = {
			isa = PBXGroup;
			children = (
				359094AC2AAE390500428B39 /* HomeView.swift */,
			);
			path = Core;
			sourceTree = "<group>";
		};
		351A14F72AC1F1C400BCBD07 /* Helpers */ = {
			isa = PBXGroup;
			children = (
				350D45812B22A03400E13008 /* TopCategoryOverviewView.swift */,
				358900E02B375E78009509FC /* MonthRecapOverviewView.swift */,
				35E80A772B3B3184006231F8 /* CategoriesBreakdownOverviewView.swift */,
			);
			path = Helpers;
			sourceTree = "<group>";
		};
		352CB2752ABA40F8006C1CEF /* Models */ = {
			isa = PBXGroup;
			children = (
				35F207A42ADA3EB700834C52 /* Realm */,
				352CB2762ABA4194006C1CEF /* System */,
			);
			path = Models;
			sourceTree = "<group>";
		};
		352CB2762ABA4194006C1CEF /* System */ = {
			isa = PBXGroup;
			children = (
				3567EAD92B2B7D7B009E76D6 /* Analytics */,
				35AAD3C32AD72B10000974A6 /* Budget */,
				35E8743B2ACC8990002368DB /* Transaction */,
				3558FBBF2ACA414A00624EBD /* Goals */,
				353E5C302ACA1F4F00430978 /* Recurrent Payments */,
				352CB2772ABA419D006C1CEF /* Category */,
			);
			path = System;
			sourceTree = "<group>";
		};
		352CB2772ABA419D006C1CEF /* Category */ = {
			isa = PBXGroup;
			children = (
				35BB8A3A2AD89C1C0099E71F /* Category.swift */,
			);
			path = Category;
			sourceTree = "<group>";
		};
		353E5C302ACA1F4F00430978 /* Recurrent Payments */ = {
			isa = PBXGroup;
			children = (
				353E5C312ACA1F6600430978 /* RecurrentPayment.swift */,
			);
			path = "Recurrent Payments";
			sourceTree = "<group>";
		};
		354F2B062AB8CD9B002516F1 /* Helpers */ = {
			isa = PBXGroup;
			children = (
				354F2B0A2AB8D24B002516F1 /* DateSelectorView.swift */,
				358E6B7E2AC0840900ABA818 /* CategorySelectorView.swift */,
				35E874392ACC7EE2002368DB /* PeriodicitySelectorView.swift */,
				3510F6E32AFD58C7000B5532 /* CreateReminderView.swift */,
			);
			path = Helpers;
			sourceTree = "<group>";
		};
		354F2B092AB8D229002516F1 /* Core */ = {
			isa = PBXGroup;
			children = (
				35BEF35F2AB37AA6005D1138 /* AddBudgetView.swift */,
				35BEF3642AB38814005D1138 /* AddRecurrentPaymentView.swift */,
				359CDC612AB50C0000DFFDC7 /* AddTransactionView.swift */,
				354F2B042AB8C860002516F1 /* AddGoalView.swift */,
				35CE33E32AE1891A00BC93C2 /* AddGoalTransactionView.swift */,
			);
			path = Core;
			sourceTree = "<group>";
		};
		354F2B0F2AB9040C002516F1 /* Settings Module */ = {
			isa = PBXGroup;
			children = (
				354F2B102AB9043A002516F1 /* Core */,
				355BB4062ABCB1D300A71834 /* Helpers */,
			);
			path = "Settings Module";
			sourceTree = "<group>";
		};
		354F2B102AB9043A002516F1 /* Core */ = {
			isa = PBXGroup;
			children = (
				354F2B112AB90443002516F1 /* SettingsView.swift */,
			);
			path = Core;
			sourceTree = "<group>";
		};
		3558FBBF2ACA414A00624EBD /* Goals */ = {
			isa = PBXGroup;
			children = (
				3558FBC02ACA415500624EBD /* Goal.swift */,
			);
			path = Goals;
			sourceTree = "<group>";
		};
		355BB4062ABCB1D300A71834 /* Helpers */ = {
			isa = PBXGroup;
			children = (
				355BB4072ABCB1DE00A71834 /* AddCategoryView.swift */,
				354A7C0A2ABDE57900934E4E /* CategoriesSettingsView.swift */,
				35C80C6C2ABF59DE0063553E /* RemindersSettingsView.swift */,
				35C80C6E2ABF84880063553E /* ContactSettingsView.swift */,
				35DFA0692AC385F10008246A /* EraseDataSettingsView.swift */,
				3538822B2B4E4B7400EB57D1 /* AppSettingsView.swift */,
				3501CFB82B4EF3F600D13736 /* CurrencySelectorView.swift */,
			);
			path = Helpers;
			sourceTree = "<group>";
		};
		3567EAD92B2B7D7B009E76D6 /* Analytics */ = {
			isa = PBXGroup;
			children = (
				3567EADA2B2B7D8A009E76D6 /* TopCategories.swift */,
				355FCC1D2B38D90700BA8F4F /* MonthRecapData.swift */,
			);
			path = Analytics;
			sourceTree = "<group>";
		};
		356847722ACB2D3B00FFC864 /* Helpers */ = {
			isa = PBXGroup;
			children = (
				3564D81E2ACB71EB00553ECB /* EditGoalView.swift */,
				356847732ACB2D4E00FFC864 /* GoalDetailView.swift */,
				353FF4882AF499AF000BF57A /* GoalAnalyticsView.swift */,
				350DF5812B59756800AFAAFD /* GoalEstimatorView.swift */,
			);
			path = Helpers;
			sourceTree = "<group>";
		};
		356EB7A82AEC1189001E6FD6 /* Insights */ = {
			isa = PBXGroup;
			children = (
				356EB7A92AEC119F001E6FD6 /* TransactionInsightsView.swift */,
			);
			path = Insights;
			sourceTree = "<group>";
		};
		35825BF72AC9CD9900713AD8 /* Cells */ = {
			isa = PBXGroup;
			children = (
				35825BF82AC9CDB600713AD8 /* EXRecurringTransactionCell.swift */,
				35825BFA2AC9D01C00713AD8 /* EXTransactionCell.swift */,
				3558FBBD2ACA3F8E00624EBD /* EXGoalCell.swift */,
				35CE33E52AE18CEB00BC93C2 /* EXGoalTransactionCell.swift */,
			);
			path = Cells;
			sourceTree = "<group>";
		};
		35825BFE2AC9FDD500713AD8 /* Helpers */ = {
			isa = PBXGroup;
			children = (
				35825BFF2AC9FDEB00713AD8 /* EXDatePicker.swift */,
				35DE97DD2AE747F900CEF68D /* EXToast.swift */,
				3540BEFB2AF58CAD00F7E41F /* EXEmptyStateView.swift */,
				357562AD2B2A182A002082A0 /* EXCircleProgressView.swift */,
				35239D5C2B2BE81800EE66FF /* EXChartBar.swift */,
				358B71F62B40F05300511E81 /* EXEmojiKeyboard.swift */,
			);
			path = Helpers;
			sourceTree = "<group>";
		};
		358773C92AB772C30078B297 /* Core */ = {
			isa = PBXGroup;
			children = (
				35ACB7E72AB3EDB800F7ECE5 /* OverviewView.swift */,
			);
			path = Core;
			sourceTree = "<group>";
		};
		358773CA2AB772D50078B297 /* Core */ = {
			isa = PBXGroup;
			children = (
				351839AE2AAF94C3008216F3 /* GoalsListView.swift */,
			);
			path = Core;
			sourceTree = "<group>";
		};
		358773CB2AB772E80078B297 /* Views */ = {
			isa = PBXGroup;
			children = (
				35825BF72AC9CD9900713AD8 /* Cells */,
				35825BFE2AC9FDD500713AD8 /* Helpers */,
				358773CC2AB772F20078B297 /* Adding Views */,
			);
			path = Views;
			sourceTree = "<group>";
		};
		358773CC2AB772F20078B297 /* Adding Views */ = {
			isa = PBXGroup;
			children = (
				354F2B092AB8D229002516F1 /* Core */,
				354F2B062AB8CD9B002516F1 /* Helpers */,
			);
			path = "Adding Views";
			sourceTree = "<group>";
		};
		358978D72AFEC08300E8C378 /* Debug Module */ = {
			isa = PBXGroup;
			children = (
				358978D82AFEC0FF00E8C378 /* DebugMenuView.swift */,
			);
			path = "Debug Module";
			sourceTree = "<group>";
		};
		359094822AAD3EC300428B39 = {
			isa = PBXGroup;
			children = (
				3590948D2AAD3EC300428B39 /* Expensaro */,
				3590948C2AAD3EC300428B39 /* Products */,
			);
			sourceTree = "<group>";
		};
		3590948C2AAD3EC300428B39 /* Products */ = {
			isa = PBXGroup;
			children = (
				3590948B2AAD3EC300428B39 /* Expensaro.app */,
			);
			name = Products;
			sourceTree = "<group>";
		};
		3590948D2AAD3EC300428B39 /* Expensaro */ = {
			isa = PBXGroup;
			children = (
				35DFA06B2AC397870008246A /* Info.plist */,
				3510F6E52AFD629E000B5532 /* Managers */,
				352CB2752ABA40F8006C1CEF /* Models */,
				3590949C2AAD404400428B39 /* Navigation */,
				358773CB2AB772E80078B297 /* Views */,
				359094A72AAE353100428B39 /* Modules */,
				359094B82AAE5A4F00428B39 /* Resources */,
				359094922AAD3EC400428B39 /* Assets.xcassets */,
				3590948E2AAD3EC300428B39 /* ExpensaroApp.swift */,
				359094942AAD3EC400428B39 /* Preview Content */,
			);
			path = Expensaro;
			sourceTree = "<group>";
		};
		359094942AAD3EC400428B39 /* Preview Content */ = {
			isa = PBXGroup;
			children = (
				359094952AAD3EC400428B39 /* Preview Assets.xcassets */,
			);
			path = "Preview Content";
			sourceTree = "<group>";
		};
		3590949C2AAD404400428B39 /* Navigation */ = {
			isa = PBXGroup;
			children = (
				3590949D2AAE33FD00428B39 /* Router.swift */,
				3590949F2AAE340D00428B39 /* RootNavigationController.swift */,
				359094A12AAE341E00428B39 /* NavigationViewBuilder.swift */,
				359094A32AAE342F00428B39 /* NavigationControllers.swift */,
				359094A52AAE344000428B39 /* HostingController.swift */,
			);
			path = Navigation;
			sourceTree = "<group>";
		};
		359094A72AAE353100428B39 /* Modules */ = {
			isa = PBXGroup;
			children = (
				358978D72AFEC08300E8C378 /* Debug Module */,
				359CDC5A2AB4DE2100DFFDC7 /* Tab Bar Module */,
				354F2B0F2AB9040C002516F1 /* Settings Module */,
				359CDC522AB4C49C00DFFDC7 /* Onboarding Module */,
				359094AE2AAE390900428B39 /* Home Module */,
				351839AD2AAF9461008216F3 /* Overview Module */,
				351839AC2AAF9451008216F3 /* Goals Module */,
			);
			path = Modules;
			sourceTree = "<group>";
		};
		359094AE2AAE390900428B39 /* Home Module */ = {
			isa = PBXGroup;
			children = (
				351839B02AAF9BD9008216F3 /* Core */,
				35BEF35E2AB37A8C005D1138 /* Helpers */,
			);
			path = "Home Module";
			sourceTree = "<group>";
		};
		359094B52AAE574000428B39 /* Extensions */ = {
			isa = PBXGroup;
			children = (
				359094B62AAE575D00428B39 /* View+Extensions.swift */,
				353E5C2E2ACA01D400430978 /* Date+Extension.swift */,
				3510F6E12AFD542D000B5532 /* ScrollView+Extensions.swift */,
				358978D52AFEBF6400E8C378 /* Double+Extension.swift */,
				35B25D2E2B3DDB58001417F9 /* Realm+Extensions.swift */,
			);
			path = Extensions;
			sourceTree = "<group>";
		};
		359094B82AAE5A4F00428B39 /* Resources */ = {
			isa = PBXGroup;
			children = (
				35BEF35C2AB378DB005D1138 /* Source.swift */,
				35BEF3612AB38065005D1138 /* ViewModifiers */,
				359094B92AAE5A7300428B39 /* Enums */,
				359094B52AAE574000428B39 /* Extensions */,
			);
			path = Resources;
			sourceTree = "<group>";
		};
		359094B92AAE5A7300428B39 /* Enums */ = {
			isa = PBXGroup;
			children = (
				353F1FDC2AF432FB001BE114 /* CategoryDescription.swift */,
				3540BEF92AF586CC00F7E41F /* EXEmptyStates.swift */,
				3538822D2B4E4C5E00EB57D1 /* Currency.swift */,
			);
			path = Enums;
			sourceTree = "<group>";
		};
		359CDC522AB4C49C00DFFDC7 /* Onboarding Module */ = {
			isa = PBXGroup;
			children = (
				359CDC5D2AB4DF1E00DFFDC7 /* Core */,
				359CDC5E2AB4DF2500DFFDC7 /* Helpers */,
			);
			path = "Onboarding Module";
			sourceTree = "<group>";
		};
		359CDC5A2AB4DE2100DFFDC7 /* Tab Bar Module */ = {
			isa = PBXGroup;
			children = (
				359CDC5B2AB4DE3300DFFDC7 /* TabBarView.swift */,
			);
			path = "Tab Bar Module";
			sourceTree = "<group>";
		};
		359CDC5D2AB4DF1E00DFFDC7 /* Core */ = {
			isa = PBXGroup;
			children = (
				359CDC532AB4C69600DFFDC7 /* OnboardingView.swift */,
			);
			path = Core;
			sourceTree = "<group>";
		};
		359CDC5E2AB4DF2500DFFDC7 /* Helpers */ = {
			isa = PBXGroup;
			children = (
				359CDC5F2AB4DF4400DFFDC7 /* InitialPermissionView.swift */,
			);
			path = Helpers;
			sourceTree = "<group>";
		};
		35AAD3C32AD72B10000974A6 /* Budget */ = {
			isa = PBXGroup;
			children = (
				351061272AD74AEB006E6DF4 /* Budget.swift */,
			);
			path = Budget;
			sourceTree = "<group>";
		};
		35BEF35E2AB37A8C005D1138 /* Helpers */ = {
			isa = PBXGroup;
			children = (
				356EB7A82AEC1189001E6FD6 /* Insights */,
				35825BFC2AC9E71700713AD8 /* RecurrentPaymentsListView.swift */,
				353311062ACD064100EEB64B /* TransactionsListView.swift */,
				35C883F22ACE186500F6E1FB /* TransactionDetailView.swift */,
				351A02F42AD1AD8B0051A683 /* RecurrentPaymentDetailView.swift */,
			);
			path = Helpers;
			sourceTree = "<group>";
		};
		35BEF3612AB38065005D1138 /* ViewModifiers */ = {
			isa = PBXGroup;
			children = (
				35BEF3622AB38088005D1138 /* BottomSheetModifier.swift */,
				358BA4B72AD5D06500229504 /* ResizableTextFieldModifier.swift */,
				35B9BEE22ADB88AC00DD5BAE /* EXNumberKeyboard.swift */,
				3592EFFA2AF32D10008138EE /* FirstAppear.swift */,
			);
			path = ViewModifiers;
			sourceTree = "<group>";
		};
		35E8743B2ACC8990002368DB /* Transaction */ = {
			isa = PBXGroup;
			children = (
				35E8743C2ACC899A002368DB /* Transaction.swift */,
			);
			path = Transaction;
			sourceTree = "<group>";
		};
		35F207A42ADA3EB700834C52 /* Realm */ = {
			isa = PBXGroup;
			children = (
				35F207A52ADA3EC400834C52 /* RealmMigrator.swift */,
			);
			path = Realm;
			sourceTree = "<group>";
		};
/* End PBXGroup section */

/* Begin PBXNativeTarget section */
		3590948A2AAD3EC300428B39 /* Expensaro */ = {
			isa = PBXNativeTarget;
			buildConfigurationList = 359094992AAD3EC400428B39 /* Build configuration list for PBXNativeTarget "Expensaro" */;
			buildPhases = (
				359094872AAD3EC300428B39 /* Sources */,
				359094882AAD3EC300428B39 /* Frameworks */,
				359094892AAD3EC300428B39 /* Resources */,
			);
			buildRules = (
			);
			dependencies = (
			);
			name = Expensaro;
			packageProductDependencies = (
				359094AA2AAE365900428B39 /* ExpensaroUIKit */,
				354F2B142AB9F189002516F1 /* SwiftUIIntrospect */,
				351D3D602AD0D5C00022E696 /* PopupView */,
				3589BC262AD899BA00BA8289 /* Realm */,
				3589BC282AD899BA00BA8289 /* RealmSwift */,
				35002A202B44FC0D00DEF27B /* Algorithms */,
				354716832B45C4C8009BEEC0 /* WishKit */,
				35BD86232B4DBC8A009BC2D7 /* Shimmer */,
				353B833D2B62136400DEFC2C /* Aptabase */,
			);
			productName = Expensaro;
			productReference = 3590948B2AAD3EC300428B39 /* Expensaro.app */;
			productType = "com.apple.product-type.application";
		};
/* End PBXNativeTarget section */

/* Begin PBXProject section */
		359094832AAD3EC300428B39 /* Project object */ = {
			isa = PBXProject;
			attributes = {
				BuildIndependentTargetsInParallel = 1;
				LastSwiftUpdateCheck = 1430;
				LastUpgradeCheck = 1430;
				TargetAttributes = {
					3590948A2AAD3EC300428B39 = {
						CreatedOnToolsVersion = 14.3;
					};
				};
			};
			buildConfigurationList = 359094862AAD3EC300428B39 /* Build configuration list for PBXProject "Expensaro" */;
			compatibilityVersion = "Xcode 14.0";
			developmentRegion = en;
			hasScannedForEncodings = 0;
			knownRegions = (
				en,
				Base,
			);
			mainGroup = 359094822AAD3EC300428B39;
			packageReferences = (
				359094A92AAE365900428B39 /* XCRemoteSwiftPackageReference "ExpensaroUIKit" */,
				354F2B132AB9F189002516F1 /* XCRemoteSwiftPackageReference "swiftui-introspect" */,
				351D3D5F2AD0D5C00022E696 /* XCRemoteSwiftPackageReference "PopupView" */,
				3589BC252AD899BA00BA8289 /* XCRemoteSwiftPackageReference "realm-swift" */,
				35002A1F2B44FC0D00DEF27B /* XCRemoteSwiftPackageReference "swift-algorithms" */,
				354716822B45C4C8009BEEC0 /* XCRemoteSwiftPackageReference "wishkit-ios" */,
				35BD86222B4DBC8A009BC2D7 /* XCRemoteSwiftPackageReference "SwiftUI-Shimmer" */,
				353B833C2B62136400DEFC2C /* XCRemoteSwiftPackageReference "aptabase-swift" */,
			);
			productRefGroup = 3590948C2AAD3EC300428B39 /* Products */;
			projectDirPath = "";
			projectRoot = "";
			targets = (
				3590948A2AAD3EC300428B39 /* Expensaro */,
			);
		};
/* End PBXProject section */

/* Begin PBXResourcesBuildPhase section */
		359094892AAD3EC300428B39 /* Resources */ = {
			isa = PBXResourcesBuildPhase;
			buildActionMask = 2147483647;
			files = (
				359094962AAD3EC400428B39 /* Preview Assets.xcassets in Resources */,
				359094932AAD3EC400428B39 /* Assets.xcassets in Resources */,
			);
			runOnlyForDeploymentPostprocessing = 0;
		};
/* End PBXResourcesBuildPhase section */

/* Begin PBXSourcesBuildPhase section */
		359094872AAD3EC300428B39 /* Sources */ = {
			isa = PBXSourcesBuildPhase;
			buildActionMask = 2147483647;
			files = (
				35DFA06A2AC385F10008246A /* EraseDataSettingsView.swift in Sources */,
				35E8743A2ACC7EE2002368DB /* PeriodicitySelectorView.swift in Sources */,
				351A02F52AD1AD8B0051A683 /* RecurrentPaymentDetailView.swift in Sources */,
				354F2B122AB90443002516F1 /* SettingsView.swift in Sources */,
				35C883F32ACE186600F6E1FB /* TransactionDetailView.swift in Sources */,
				353311072ACD064100EEB64B /* TransactionsListView.swift in Sources */,
				35BEF3632AB38088005D1138 /* BottomSheetModifier.swift in Sources */,
				3540BEFC2AF58CAD00F7E41F /* EXEmptyStateView.swift in Sources */,
				35C80C6F2ABF84880063553E /* ContactSettingsView.swift in Sources */,
				35239D5D2B2BE81800EE66FF /* EXChartBar.swift in Sources */,
				35BEF3652AB38814005D1138 /* AddRecurrentPaymentView.swift in Sources */,
				3564D81F2ACB71EB00553ECB /* EditGoalView.swift in Sources */,
				354F2B0B2AB8D24B002516F1 /* DateSelectorView.swift in Sources */,
				3538822C2B4E4B7500EB57D1 /* AppSettingsView.swift in Sources */,
				359094A42AAE342F00428B39 /* NavigationControllers.swift in Sources */,
				351061282AD74AEB006E6DF4 /* Budget.swift in Sources */,
				35825BFD2AC9E71700713AD8 /* RecurrentPaymentsListView.swift in Sources */,
				35B25D2F2B3DDB58001417F9 /* Realm+Extensions.swift in Sources */,
				359094B72AAE575D00428B39 /* View+Extensions.swift in Sources */,
				356EB7AA2AEC119F001E6FD6 /* TransactionInsightsView.swift in Sources */,
				358900E12B375E78009509FC /* MonthRecapOverviewView.swift in Sources */,
				359094A22AAE341E00428B39 /* NavigationViewBuilder.swift in Sources */,
				3510F6E22AFD542D000B5532 /* ScrollView+Extensions.swift in Sources */,
				35BEF35D2AB378DB005D1138 /* Source.swift in Sources */,
				357562AE2B2A182A002082A0 /* EXCircleProgressView.swift in Sources */,
				353E5C322ACA1F6600430978 /* RecurrentPayment.swift in Sources */,
				35B9BEE32ADB88AC00DD5BAE /* EXNumberKeyboard.swift in Sources */,
				35F207A62ADA3EC400834C52 /* RealmMigrator.swift in Sources */,
				35CE33E62AE18CEB00BC93C2 /* EXGoalTransactionCell.swift in Sources */,
				35BEF3602AB37AA6005D1138 /* AddBudgetView.swift in Sources */,
				359094A02AAE340D00428B39 /* RootNavigationController.swift in Sources */,
				3501CFB92B4EF3F600D13736 /* CurrencySelectorView.swift in Sources */,
				350D45822B22A03400E13008 /* TopCategoryOverviewView.swift in Sources */,
				3558FBC12ACA415500624EBD /* Goal.swift in Sources */,
				359CDC602AB4DF4400DFFDC7 /* InitialPermissionView.swift in Sources */,
				353F1FDD2AF432FB001BE114 /* CategoryDescription.swift in Sources */,
				355FCC1E2B38D90700BA8F4F /* MonthRecapData.swift in Sources */,
				353E5C2F2ACA01D400430978 /* Date+Extension.swift in Sources */,
				3534A9082B409E1F0019ACEC /* MonthRecapService.swift in Sources */,
				3567EADB2B2B7D8A009E76D6 /* TopCategories.swift in Sources */,
				35DE97DE2AE747F900CEF68D /* EXToast.swift in Sources */,
				354F2B052AB8C861002516F1 /* AddGoalView.swift in Sources */,
				3540BEFA2AF586CC00F7E41F /* EXEmptyStates.swift in Sources */,
				359CDC622AB50C0000DFFDC7 /* AddTransactionView.swift in Sources */,
				350DF5822B59756800AFAAFD /* GoalEstimatorView.swift in Sources */,
				359CDC5C2AB4DE3300DFFDC7 /* TabBarView.swift in Sources */,
				358E6B7F2AC0840900ABA818 /* CategorySelectorView.swift in Sources */,
				350DF5802B5972A600AFAAFD /* GoalManager.swift in Sources */,
				359094A62AAE344000428B39 /* HostingController.swift in Sources */,
				359094AD2AAE390500428B39 /* HomeView.swift in Sources */,
				354A7C0B2ABDE57900934E4E /* CategoriesSettingsView.swift in Sources */,
				3538822E2B4E4C5E00EB57D1 /* Currency.swift in Sources */,
				358978D62AFEBF6400E8C378 /* Double+Extension.swift in Sources */,
				3590949E2AAE33FD00428B39 /* Router.swift in Sources */,
				3558FBBE2ACA3F8E00624EBD /* EXGoalCell.swift in Sources */,
				358978D92AFEC0FF00E8C378 /* DebugMenuView.swift in Sources */,
				35CE33E42AE1891A00BC93C2 /* AddGoalTransactionView.swift in Sources */,
				356847742ACB2D4E00FFC864 /* GoalDetailView.swift in Sources */,
				353FF4892AF499AF000BF57A /* GoalAnalyticsView.swift in Sources */,
				35825BF92AC9CDB600713AD8 /* EXRecurringTransactionCell.swift in Sources */,
				35C80C6D2ABF59DE0063553E /* RemindersSettingsView.swift in Sources */,
				359CDC542AB4C69600DFFDC7 /* OnboardingView.swift in Sources */,
				3510F6E42AFD58C7000B5532 /* CreateReminderView.swift in Sources */,
				3592EFFB2AF32D10008138EE /* FirstAppear.swift in Sources */,
				35BB8A3B2AD89C1C0099E71F /* Category.swift in Sources */,
				35B25D2D2B3DC59A001417F9 /* SelectedCategoryAnalyticsManager.swift in Sources */,
				35825C002AC9FDEB00713AD8 /* EXDatePicker.swift in Sources */,
				35825BFB2AC9D01C00713AD8 /* EXTransactionCell.swift in Sources */,
				358BA4B82AD5D06500229504 /* ResizableTextFieldModifier.swift in Sources */,
				35E80A782B3B3184006231F8 /* CategoriesBreakdownOverviewView.swift in Sources */,
				358B71F72B40F05300511E81 /* EXEmojiKeyboard.swift in Sources */,
				3510F6E72AFD62F2000B5532 /* LocalNotificationsManager.swift in Sources */,
				355BB4082ABCB1DE00A71834 /* AddCategoryView.swift in Sources */,
				35FA687C2B4B04D80005A067 /* AnalyticsManager.swift in Sources */,
				351839AF2AAF94C3008216F3 /* GoalsListView.swift in Sources */,
				35ACB7E82AB3EDB800F7ECE5 /* OverviewView.swift in Sources */,
				3590948F2AAD3EC300428B39 /* ExpensaroApp.swift in Sources */,
				35E8743D2ACC899A002368DB /* Transaction.swift in Sources */,
				35B25D312B3DDD0F001417F9 /* TopCategoryManager.swift in Sources */,
			);
			runOnlyForDeploymentPostprocessing = 0;
		};
/* End PBXSourcesBuildPhase section */

/* Begin XCBuildConfiguration section */
		359094972AAD3EC400428B39 /* Debug */ = {
			isa = XCBuildConfiguration;
			buildSettings = {
				ALWAYS_SEARCH_USER_PATHS = NO;
				CLANG_ANALYZER_NONNULL = YES;
				CLANG_ANALYZER_NUMBER_OBJECT_CONVERSION = YES_AGGRESSIVE;
				CLANG_CXX_LANGUAGE_STANDARD = "gnu++20";
				CLANG_ENABLE_MODULES = YES;
				CLANG_ENABLE_OBJC_ARC = YES;
				CLANG_ENABLE_OBJC_WEAK = YES;
				CLANG_WARN_BLOCK_CAPTURE_AUTORELEASING = YES;
				CLANG_WARN_BOOL_CONVERSION = YES;
				CLANG_WARN_COMMA = YES;
				CLANG_WARN_CONSTANT_CONVERSION = YES;
				CLANG_WARN_DEPRECATED_OBJC_IMPLEMENTATIONS = YES;
				CLANG_WARN_DIRECT_OBJC_ISA_USAGE = YES_ERROR;
				CLANG_WARN_DOCUMENTATION_COMMENTS = YES;
				CLANG_WARN_EMPTY_BODY = YES;
				CLANG_WARN_ENUM_CONVERSION = YES;
				CLANG_WARN_INFINITE_RECURSION = YES;
				CLANG_WARN_INT_CONVERSION = YES;
				CLANG_WARN_NON_LITERAL_NULL_CONVERSION = YES;
				CLANG_WARN_OBJC_IMPLICIT_RETAIN_SELF = YES;
				CLANG_WARN_OBJC_LITERAL_CONVERSION = YES;
				CLANG_WARN_OBJC_ROOT_CLASS = YES_ERROR;
				CLANG_WARN_QUOTED_INCLUDE_IN_FRAMEWORK_HEADER = YES;
				CLANG_WARN_RANGE_LOOP_ANALYSIS = YES;
				CLANG_WARN_STRICT_PROTOTYPES = YES;
				CLANG_WARN_SUSPICIOUS_MOVE = YES;
				CLANG_WARN_UNGUARDED_AVAILABILITY = YES_AGGRESSIVE;
				CLANG_WARN_UNREACHABLE_CODE = YES;
				CLANG_WARN__DUPLICATE_METHOD_MATCH = YES;
				COPY_PHASE_STRIP = NO;
				DEBUG_INFORMATION_FORMAT = dwarf;
				ENABLE_STRICT_OBJC_MSGSEND = YES;
				ENABLE_TESTABILITY = YES;
				GCC_C_LANGUAGE_STANDARD = gnu11;
				GCC_DYNAMIC_NO_PIC = NO;
				GCC_NO_COMMON_BLOCKS = YES;
				GCC_OPTIMIZATION_LEVEL = 0;
				GCC_PREPROCESSOR_DEFINITIONS = (
					"DEBUG=1",
					"$(inherited)",
				);
				GCC_WARN_64_TO_32_BIT_CONVERSION = YES;
				GCC_WARN_ABOUT_RETURN_TYPE = YES_ERROR;
				GCC_WARN_UNDECLARED_SELECTOR = YES;
				GCC_WARN_UNINITIALIZED_AUTOS = YES_AGGRESSIVE;
				GCC_WARN_UNUSED_FUNCTION = YES;
				GCC_WARN_UNUSED_VARIABLE = YES;
				IPHONEOS_DEPLOYMENT_TARGET = 16.4;
				MTL_ENABLE_DEBUG_INFO = INCLUDE_SOURCE;
				MTL_FAST_MATH = YES;
				ONLY_ACTIVE_ARCH = YES;
				SDKROOT = iphoneos;
				SWIFT_ACTIVE_COMPILATION_CONDITIONS = DEBUG;
				SWIFT_OPTIMIZATION_LEVEL = "-Onone";
			};
			name = Debug;
		};
		359094982AAD3EC400428B39 /* Release */ = {
			isa = XCBuildConfiguration;
			buildSettings = {
				ALWAYS_SEARCH_USER_PATHS = NO;
				CLANG_ANALYZER_NONNULL = YES;
				CLANG_ANALYZER_NUMBER_OBJECT_CONVERSION = YES_AGGRESSIVE;
				CLANG_CXX_LANGUAGE_STANDARD = "gnu++20";
				CLANG_ENABLE_MODULES = YES;
				CLANG_ENABLE_OBJC_ARC = YES;
				CLANG_ENABLE_OBJC_WEAK = YES;
				CLANG_WARN_BLOCK_CAPTURE_AUTORELEASING = YES;
				CLANG_WARN_BOOL_CONVERSION = YES;
				CLANG_WARN_COMMA = YES;
				CLANG_WARN_CONSTANT_CONVERSION = YES;
				CLANG_WARN_DEPRECATED_OBJC_IMPLEMENTATIONS = YES;
				CLANG_WARN_DIRECT_OBJC_ISA_USAGE = YES_ERROR;
				CLANG_WARN_DOCUMENTATION_COMMENTS = YES;
				CLANG_WARN_EMPTY_BODY = YES;
				CLANG_WARN_ENUM_CONVERSION = YES;
				CLANG_WARN_INFINITE_RECURSION = YES;
				CLANG_WARN_INT_CONVERSION = YES;
				CLANG_WARN_NON_LITERAL_NULL_CONVERSION = YES;
				CLANG_WARN_OBJC_IMPLICIT_RETAIN_SELF = YES;
				CLANG_WARN_OBJC_LITERAL_CONVERSION = YES;
				CLANG_WARN_OBJC_ROOT_CLASS = YES_ERROR;
				CLANG_WARN_QUOTED_INCLUDE_IN_FRAMEWORK_HEADER = YES;
				CLANG_WARN_RANGE_LOOP_ANALYSIS = YES;
				CLANG_WARN_STRICT_PROTOTYPES = YES;
				CLANG_WARN_SUSPICIOUS_MOVE = YES;
				CLANG_WARN_UNGUARDED_AVAILABILITY = YES_AGGRESSIVE;
				CLANG_WARN_UNREACHABLE_CODE = YES;
				CLANG_WARN__DUPLICATE_METHOD_MATCH = YES;
				COPY_PHASE_STRIP = NO;
				DEBUG_INFORMATION_FORMAT = "dwarf-with-dsym";
				ENABLE_NS_ASSERTIONS = NO;
				ENABLE_STRICT_OBJC_MSGSEND = YES;
				GCC_C_LANGUAGE_STANDARD = gnu11;
				GCC_NO_COMMON_BLOCKS = YES;
				GCC_WARN_64_TO_32_BIT_CONVERSION = YES;
				GCC_WARN_ABOUT_RETURN_TYPE = YES_ERROR;
				GCC_WARN_UNDECLARED_SELECTOR = YES;
				GCC_WARN_UNINITIALIZED_AUTOS = YES_AGGRESSIVE;
				GCC_WARN_UNUSED_FUNCTION = YES;
				GCC_WARN_UNUSED_VARIABLE = YES;
				IPHONEOS_DEPLOYMENT_TARGET = 16.4;
				MTL_ENABLE_DEBUG_INFO = NO;
				MTL_FAST_MATH = YES;
				SDKROOT = iphoneos;
				SWIFT_COMPILATION_MODE = wholemodule;
				SWIFT_OPTIMIZATION_LEVEL = "-O";
				VALIDATE_PRODUCT = YES;
			};
			name = Release;
		};
		3590949A2AAD3EC400428B39 /* Debug */ = {
			isa = XCBuildConfiguration;
			buildSettings = {
				ASSETCATALOG_COMPILER_APPICON_NAME = AppIcon;
				ASSETCATALOG_COMPILER_GLOBAL_ACCENT_COLOR_NAME = AccentColor;
				CODE_SIGN_STYLE = Automatic;
				CURRENT_PROJECT_VERSION = 105;
				DEVELOPMENT_ASSET_PATHS = "\"Expensaro/Preview Content\"";
				DEVELOPMENT_TEAM = 9S2MZXD36G;
				ENABLE_PREVIEWS = YES;
				GENERATE_INFOPLIST_FILE = YES;
				INFOPLIST_FILE = Expensaro/Info.plist;
				INFOPLIST_KEY_UIApplicationSceneManifest_Generation = YES;
				INFOPLIST_KEY_UIApplicationSupportsIndirectInputEvents = YES;
				INFOPLIST_KEY_UILaunchScreen_Generation = YES;
				INFOPLIST_KEY_UISupportedInterfaceOrientations = UIInterfaceOrientationPortrait;
				INFOPLIST_KEY_UISupportedInterfaceOrientations_iPad = "UIInterfaceOrientationLandscapeLeft UIInterfaceOrientationLandscapeRight UIInterfaceOrientationPortrait UIInterfaceOrientationPortraitUpsideDown";
				INFOPLIST_KEY_UIUserInterfaceStyle = Light;
				IPHONEOS_DEPLOYMENT_TARGET = 16.0;
				LD_RUNPATH_SEARCH_PATHS = (
					"$(inherited)",
					"@executable_path/Frameworks",
				);
				MARKETING_VERSION = 1.0;
				PRODUCT_BUNDLE_IDENTIFIER = com.MKM.Expensaro;
				PRODUCT_NAME = "$(TARGET_NAME)";
				SUPPORTED_PLATFORMS = "iphoneos iphonesimulator";
				SUPPORTS_MACCATALYST = NO;
				SUPPORTS_MAC_DESIGNED_FOR_IPHONE_IPAD = NO;
				SWIFT_EMIT_LOC_STRINGS = YES;
				SWIFT_VERSION = 5.0;
				TARGETED_DEVICE_FAMILY = 1;
			};
			name = Debug;
		};
		3590949B2AAD3EC400428B39 /* Release */ = {
			isa = XCBuildConfiguration;
			buildSettings = {
				ASSETCATALOG_COMPILER_APPICON_NAME = AppIcon;
				ASSETCATALOG_COMPILER_GLOBAL_ACCENT_COLOR_NAME = AccentColor;
				CODE_SIGN_STYLE = Automatic;
				CURRENT_PROJECT_VERSION = 105;
				DEVELOPMENT_ASSET_PATHS = "\"Expensaro/Preview Content\"";
				DEVELOPMENT_TEAM = 9S2MZXD36G;
				ENABLE_PREVIEWS = YES;
				GENERATE_INFOPLIST_FILE = YES;
				INFOPLIST_FILE = Expensaro/Info.plist;
				INFOPLIST_KEY_UIApplicationSceneManifest_Generation = YES;
				INFOPLIST_KEY_UIApplicationSupportsIndirectInputEvents = YES;
				INFOPLIST_KEY_UILaunchScreen_Generation = YES;
				INFOPLIST_KEY_UISupportedInterfaceOrientations = UIInterfaceOrientationPortrait;
				INFOPLIST_KEY_UISupportedInterfaceOrientations_iPad = "UIInterfaceOrientationLandscapeLeft UIInterfaceOrientationLandscapeRight UIInterfaceOrientationPortrait UIInterfaceOrientationPortraitUpsideDown";
				INFOPLIST_KEY_UIUserInterfaceStyle = Light;
				IPHONEOS_DEPLOYMENT_TARGET = 16.0;
				LD_RUNPATH_SEARCH_PATHS = (
					"$(inherited)",
					"@executable_path/Frameworks",
				);
				MARKETING_VERSION = 1.0;
				PRODUCT_BUNDLE_IDENTIFIER = com.MKM.Expensaro;
				PRODUCT_NAME = "$(TARGET_NAME)";
				SUPPORTED_PLATFORMS = "iphoneos iphonesimulator";
				SUPPORTS_MACCATALYST = NO;
				SUPPORTS_MAC_DESIGNED_FOR_IPHONE_IPAD = NO;
				SWIFT_EMIT_LOC_STRINGS = YES;
				SWIFT_VERSION = 5.0;
				TARGETED_DEVICE_FAMILY = 1;
			};
			name = Release;
		};
/* End XCBuildConfiguration section */

/* Begin XCConfigurationList section */
		359094862AAD3EC300428B39 /* Build configuration list for PBXProject "Expensaro" */ = {
			isa = XCConfigurationList;
			buildConfigurations = (
				359094972AAD3EC400428B39 /* Debug */,
				359094982AAD3EC400428B39 /* Release */,
			);
			defaultConfigurationIsVisible = 0;
			defaultConfigurationName = Release;
		};
		359094992AAD3EC400428B39 /* Build configuration list for PBXNativeTarget "Expensaro" */ = {
			isa = XCConfigurationList;
			buildConfigurations = (
				3590949A2AAD3EC400428B39 /* Debug */,
				3590949B2AAD3EC400428B39 /* Release */,
			);
			defaultConfigurationIsVisible = 0;
			defaultConfigurationName = Release;
		};
/* End XCConfigurationList section */

/* Begin XCRemoteSwiftPackageReference section */
		35002A1F2B44FC0D00DEF27B /* XCRemoteSwiftPackageReference "swift-algorithms" */ = {
			isa = XCRemoteSwiftPackageReference;
			repositoryURL = "https://github.com/apple/swift-algorithms.git";
			requirement = {
				kind = upToNextMajorVersion;
				minimumVersion = 1.2.0;
			};
		};
		351D3D5F2AD0D5C00022E696 /* XCRemoteSwiftPackageReference "PopupView" */ = {
			isa = XCRemoteSwiftPackageReference;
			repositoryURL = "https://github.com/exyte/PopupView";
			requirement = {
				kind = upToNextMajorVersion;
				minimumVersion = 2.0.0;
			};
		};
		353B833C2B62136400DEFC2C /* XCRemoteSwiftPackageReference "aptabase-swift" */ = {
			isa = XCRemoteSwiftPackageReference;
			repositoryURL = "https://github.com/aptabase/aptabase-swift.git";
			requirement = {
				kind = upToNextMajorVersion;
				minimumVersion = 0.3.6;
			};
		};
		354716822B45C4C8009BEEC0 /* XCRemoteSwiftPackageReference "wishkit-ios" */ = {
			isa = XCRemoteSwiftPackageReference;
			repositoryURL = "https://github.com/wishkit/wishkit-ios.git";
			requirement = {
				kind = upToNextMajorVersion;
				minimumVersion = 4.0.5;
			};
		};
		354F2B132AB9F189002516F1 /* XCRemoteSwiftPackageReference "swiftui-introspect" */ = {
			isa = XCRemoteSwiftPackageReference;
			repositoryURL = "https://github.com/siteline/swiftui-introspect";
			requirement = {
				kind = upToNextMajorVersion;
				minimumVersion = 1.0.0;
			};
		};
		3589BC252AD899BA00BA8289 /* XCRemoteSwiftPackageReference "realm-swift" */ = {
			isa = XCRemoteSwiftPackageReference;
			repositoryURL = "https://github.com/realm/realm-swift.git";
			requirement = {
				kind = upToNextMajorVersion;
				minimumVersion = 10.43.0;
			};
		};
		359094A92AAE365900428B39 /* XCRemoteSwiftPackageReference "ExpensaroUIKit" */ = {
			isa = XCRemoteSwiftPackageReference;
			repositoryURL = "https://github.com/mireabot/ExpensaroUIKit";
			requirement = {
				kind = upToNextMajorVersion;
				minimumVersion = 1.0.0;
			};
		};
		35BD86222B4DBC8A009BC2D7 /* XCRemoteSwiftPackageReference "SwiftUI-Shimmer" */ = {
			isa = XCRemoteSwiftPackageReference;
			repositoryURL = "https://github.com/markiv/SwiftUI-Shimmer";
			requirement = {
				kind = upToNextMajorVersion;
				minimumVersion = 1.4.0;
			};
		};
/* End XCRemoteSwiftPackageReference section */

/* Begin XCSwiftPackageProductDependency section */
		35002A202B44FC0D00DEF27B /* Algorithms */ = {
			isa = XCSwiftPackageProductDependency;
			package = 35002A1F2B44FC0D00DEF27B /* XCRemoteSwiftPackageReference "swift-algorithms" */;
			productName = Algorithms;
		};
		351D3D602AD0D5C00022E696 /* PopupView */ = {
			isa = XCSwiftPackageProductDependency;
			package = 351D3D5F2AD0D5C00022E696 /* XCRemoteSwiftPackageReference "PopupView" */;
			productName = PopupView;
		};
		353B833D2B62136400DEFC2C /* Aptabase */ = {
			isa = XCSwiftPackageProductDependency;
			package = 353B833C2B62136400DEFC2C /* XCRemoteSwiftPackageReference "aptabase-swift" */;
			productName = Aptabase;
		};
		354716832B45C4C8009BEEC0 /* WishKit */ = {
			isa = XCSwiftPackageProductDependency;
			package = 354716822B45C4C8009BEEC0 /* XCRemoteSwiftPackageReference "wishkit-ios" */;
			productName = WishKit;
		};
		354F2B142AB9F189002516F1 /* SwiftUIIntrospect */ = {
			isa = XCSwiftPackageProductDependency;
			package = 354F2B132AB9F189002516F1 /* XCRemoteSwiftPackageReference "swiftui-introspect" */;
			productName = SwiftUIIntrospect;
		};
		3589BC262AD899BA00BA8289 /* Realm */ = {
			isa = XCSwiftPackageProductDependency;
			package = 3589BC252AD899BA00BA8289 /* XCRemoteSwiftPackageReference "realm-swift" */;
			productName = Realm;
		};
		3589BC282AD899BA00BA8289 /* RealmSwift */ = {
			isa = XCSwiftPackageProductDependency;
			package = 3589BC252AD899BA00BA8289 /* XCRemoteSwiftPackageReference "realm-swift" */;
			productName = RealmSwift;
		};
		359094AA2AAE365900428B39 /* ExpensaroUIKit */ = {
			isa = XCSwiftPackageProductDependency;
			package = 359094A92AAE365900428B39 /* XCRemoteSwiftPackageReference "ExpensaroUIKit" */;
			productName = ExpensaroUIKit;
		};
		35BD86232B4DBC8A009BC2D7 /* Shimmer */ = {
			isa = XCSwiftPackageProductDependency;
			package = 35BD86222B4DBC8A009BC2D7 /* XCRemoteSwiftPackageReference "SwiftUI-Shimmer" */;
			productName = Shimmer;
		};
/* End XCSwiftPackageProductDependency section */
	};
	rootObject = 359094832AAD3EC300428B39 /* Project object */;
}
