// !$*UTF8*$!
{
	archiveVersion = 1;
	classes = {
	};
	objectVersion = 56;
	objects = {

/* Begin PBXBuildFile section */
		351839AF2AAF94C3008216F3 /* GoalsListView.swift in Sources */ = {isa = PBXBuildFile; fileRef = 351839AE2AAF94C3008216F3 /* GoalsListView.swift */; };
		35293ACB2ABB5D7900BC993B /* OffsetModifier.swift in Sources */ = {isa = PBXBuildFile; fileRef = 35293ACA2ABB5D7900BC993B /* OffsetModifier.swift */; };
		354A7C0B2ABDE57900934E4E /* CategoriesSettingsView.swift in Sources */ = {isa = PBXBuildFile; fileRef = 354A7C0A2ABDE57900934E4E /* CategoriesSettingsView.swift */; };
		354F2B052AB8C861002516F1 /* AddGoalView.swift in Sources */ = {isa = PBXBuildFile; fileRef = 354F2B042AB8C860002516F1 /* AddGoalView.swift */; };
		354F2B0B2AB8D24B002516F1 /* DateSelectorView.swift in Sources */ = {isa = PBXBuildFile; fileRef = 354F2B0A2AB8D24B002516F1 /* DateSelectorView.swift */; };
		354F2B122AB90443002516F1 /* SettingsView.swift in Sources */ = {isa = PBXBuildFile; fileRef = 354F2B112AB90443002516F1 /* SettingsView.swift */; };
		354F2B152AB9F189002516F1 /* SwiftUIIntrospect in Frameworks */ = {isa = PBXBuildFile; productRef = 354F2B142AB9F189002516F1 /* SwiftUIIntrospect */; };
		355BB4082ABCB1DE00A71834 /* AddCategoryView.swift in Sources */ = {isa = PBXBuildFile; fileRef = 355BB4072ABCB1DE00A71834 /* AddCategoryView.swift */; };
		355BB40A2ABCB7BE00A71834 /* DefaultCategory.swift in Sources */ = {isa = PBXBuildFile; fileRef = 355BB4092ABCB7BE00A71834 /* DefaultCategory.swift */; };
		358E6B7F2AC0840900ABA818 /* CategorySelectorView.swift in Sources */ = {isa = PBXBuildFile; fileRef = 358E6B7E2AC0840900ABA818 /* CategorySelectorView.swift */; };
		358E6B822AC0A3CB00ABA818 /* FloatingButton in Frameworks */ = {isa = PBXBuildFile; productRef = 358E6B812AC0A3CB00ABA818 /* FloatingButton */; };
		3590948F2AAD3EC300428B39 /* ExpensaroApp.swift in Sources */ = {isa = PBXBuildFile; fileRef = 3590948E2AAD3EC300428B39 /* ExpensaroApp.swift */; };
		359094932AAD3EC400428B39 /* Assets.xcassets in Resources */ = {isa = PBXBuildFile; fileRef = 359094922AAD3EC400428B39 /* Assets.xcassets */; };
		359094962AAD3EC400428B39 /* Preview Assets.xcassets in Resources */ = {isa = PBXBuildFile; fileRef = 359094952AAD3EC400428B39 /* Preview Assets.xcassets */; };
		3590949E2AAE33FD00428B39 /* Router.swift in Sources */ = {isa = PBXBuildFile; fileRef = 3590949D2AAE33FD00428B39 /* Router.swift */; };
		359094A02AAE340D00428B39 /* RootNavigationController.swift in Sources */ = {isa = PBXBuildFile; fileRef = 3590949F2AAE340D00428B39 /* RootNavigationController.swift */; };
		359094A22AAE341E00428B39 /* NavigationViewBuilder.swift in Sources */ = {isa = PBXBuildFile; fileRef = 359094A12AAE341E00428B39 /* NavigationViewBuilder.swift */; };
		359094A42AAE342F00428B39 /* NavigationControllers.swift in Sources */ = {isa = PBXBuildFile; fileRef = 359094A32AAE342F00428B39 /* NavigationControllers.swift */; };
		359094A62AAE344000428B39 /* HostingController.swift in Sources */ = {isa = PBXBuildFile; fileRef = 359094A52AAE344000428B39 /* HostingController.swift */; };
		359094AB2AAE365900428B39 /* ExpensaroUIKit in Frameworks */ = {isa = PBXBuildFile; productRef = 359094AA2AAE365900428B39 /* ExpensaroUIKit */; };
		359094AD2AAE390500428B39 /* HomeView.swift in Sources */ = {isa = PBXBuildFile; fileRef = 359094AC2AAE390500428B39 /* HomeView.swift */; };
		359094B72AAE575D00428B39 /* View+Extensions.swift in Sources */ = {isa = PBXBuildFile; fileRef = 359094B62AAE575D00428B39 /* View+Extensions.swift */; };
		359CDC542AB4C69600DFFDC7 /* OnboardingView.swift in Sources */ = {isa = PBXBuildFile; fileRef = 359CDC532AB4C69600DFFDC7 /* OnboardingView.swift */; };
		359CDC592AB4C8BA00DFFDC7 /* iPages in Frameworks */ = {isa = PBXBuildFile; productRef = 359CDC582AB4C8BA00DFFDC7 /* iPages */; };
		359CDC5C2AB4DE3300DFFDC7 /* TabBarView.swift in Sources */ = {isa = PBXBuildFile; fileRef = 359CDC5B2AB4DE3300DFFDC7 /* TabBarView.swift */; };
		359CDC602AB4DF4400DFFDC7 /* InitialPermissionView.swift in Sources */ = {isa = PBXBuildFile; fileRef = 359CDC5F2AB4DF4400DFFDC7 /* InitialPermissionView.swift */; };
		359CDC622AB50C0000DFFDC7 /* AddTransactionView.swift in Sources */ = {isa = PBXBuildFile; fileRef = 359CDC612AB50C0000DFFDC7 /* AddTransactionView.swift */; };
		35ACB7E82AB3EDB800F7ECE5 /* OverviewView.swift in Sources */ = {isa = PBXBuildFile; fileRef = 35ACB7E72AB3EDB800F7ECE5 /* OverviewView.swift */; };
		35BEF35D2AB378DB005D1138 /* Source.swift in Sources */ = {isa = PBXBuildFile; fileRef = 35BEF35C2AB378DB005D1138 /* Source.swift */; };
		35BEF3602AB37AA6005D1138 /* AddBudgetView.swift in Sources */ = {isa = PBXBuildFile; fileRef = 35BEF35F2AB37AA6005D1138 /* AddBudgetView.swift */; };
		35BEF3632AB38088005D1138 /* BottomSheetModifier.swift in Sources */ = {isa = PBXBuildFile; fileRef = 35BEF3622AB38088005D1138 /* BottomSheetModifier.swift */; };
		35BEF3652AB38814005D1138 /* AddRecurrentPaymentView.swift in Sources */ = {isa = PBXBuildFile; fileRef = 35BEF3642AB38814005D1138 /* AddRecurrentPaymentView.swift */; };
		35C80C6D2ABF59DE0063553E /* RemindersSettingsView.swift in Sources */ = {isa = PBXBuildFile; fileRef = 35C80C6C2ABF59DE0063553E /* RemindersSettingsView.swift */; };
		35C80C6F2ABF84880063553E /* ContactSettingsView.swift in Sources */ = {isa = PBXBuildFile; fileRef = 35C80C6E2ABF84880063553E /* ContactSettingsView.swift */; };
		35D7D4582ABE0EDC002EB654 /* Expensaro.xcdatamodeld in Sources */ = {isa = PBXBuildFile; fileRef = 35D7D4562ABE0EDC002EB654 /* Expensaro.xcdatamodeld */; };
		35D7D45A2ABE1004002EB654 /* Category.swift in Sources */ = {isa = PBXBuildFile; fileRef = 35D7D4592ABE1004002EB654 /* Category.swift */; };
		35FC566C2ABE01FC009CB36C /* CategoryDataProvider.swift in Sources */ = {isa = PBXBuildFile; fileRef = 35FC566B2ABE01FC009CB36C /* CategoryDataProvider.swift */; };
/* End PBXBuildFile section */

/* Begin PBXFileReference section */
		351839AE2AAF94C3008216F3 /* GoalsListView.swift */ = {isa = PBXFileReference; lastKnownFileType = sourcecode.swift; path = GoalsListView.swift; sourceTree = "<group>"; };
		35293ACA2ABB5D7900BC993B /* OffsetModifier.swift */ = {isa = PBXFileReference; lastKnownFileType = sourcecode.swift; path = OffsetModifier.swift; sourceTree = "<group>"; };
		354A7C0A2ABDE57900934E4E /* CategoriesSettingsView.swift */ = {isa = PBXFileReference; lastKnownFileType = sourcecode.swift; path = CategoriesSettingsView.swift; sourceTree = "<group>"; };
		354F2B042AB8C860002516F1 /* AddGoalView.swift */ = {isa = PBXFileReference; lastKnownFileType = sourcecode.swift; path = AddGoalView.swift; sourceTree = "<group>"; };
		354F2B0A2AB8D24B002516F1 /* DateSelectorView.swift */ = {isa = PBXFileReference; lastKnownFileType = sourcecode.swift; path = DateSelectorView.swift; sourceTree = "<group>"; };
		354F2B112AB90443002516F1 /* SettingsView.swift */ = {isa = PBXFileReference; lastKnownFileType = sourcecode.swift; path = SettingsView.swift; sourceTree = "<group>"; };
		355BB4072ABCB1DE00A71834 /* AddCategoryView.swift */ = {isa = PBXFileReference; lastKnownFileType = sourcecode.swift; path = AddCategoryView.swift; sourceTree = "<group>"; };
		355BB4092ABCB7BE00A71834 /* DefaultCategory.swift */ = {isa = PBXFileReference; lastKnownFileType = sourcecode.swift; path = DefaultCategory.swift; sourceTree = "<group>"; };
		358E6B7E2AC0840900ABA818 /* CategorySelectorView.swift */ = {isa = PBXFileReference; lastKnownFileType = sourcecode.swift; path = CategorySelectorView.swift; sourceTree = "<group>"; };
		3590948B2AAD3EC300428B39 /* Expensaro.app */ = {isa = PBXFileReference; explicitFileType = wrapper.application; includeInIndex = 0; path = Expensaro.app; sourceTree = BUILT_PRODUCTS_DIR; };
		3590948E2AAD3EC300428B39 /* ExpensaroApp.swift */ = {isa = PBXFileReference; lastKnownFileType = sourcecode.swift; path = ExpensaroApp.swift; sourceTree = "<group>"; };
		359094922AAD3EC400428B39 /* Assets.xcassets */ = {isa = PBXFileReference; lastKnownFileType = folder.assetcatalog; path = Assets.xcassets; sourceTree = "<group>"; };
		359094952AAD3EC400428B39 /* Preview Assets.xcassets */ = {isa = PBXFileReference; lastKnownFileType = folder.assetcatalog; path = "Preview Assets.xcassets"; sourceTree = "<group>"; };
		3590949D2AAE33FD00428B39 /* Router.swift */ = {isa = PBXFileReference; lastKnownFileType = sourcecode.swift; path = Router.swift; sourceTree = "<group>"; };
		3590949F2AAE340D00428B39 /* RootNavigationController.swift */ = {isa = PBXFileReference; lastKnownFileType = sourcecode.swift; path = RootNavigationController.swift; sourceTree = "<group>"; };
		359094A12AAE341E00428B39 /* NavigationViewBuilder.swift */ = {isa = PBXFileReference; lastKnownFileType = sourcecode.swift; path = NavigationViewBuilder.swift; sourceTree = "<group>"; };
		359094A32AAE342F00428B39 /* NavigationControllers.swift */ = {isa = PBXFileReference; lastKnownFileType = sourcecode.swift; path = NavigationControllers.swift; sourceTree = "<group>"; };
		359094A52AAE344000428B39 /* HostingController.swift */ = {isa = PBXFileReference; lastKnownFileType = sourcecode.swift; path = HostingController.swift; sourceTree = "<group>"; };
		359094AC2AAE390500428B39 /* HomeView.swift */ = {isa = PBXFileReference; lastKnownFileType = sourcecode.swift; path = HomeView.swift; sourceTree = "<group>"; };
		359094B62AAE575D00428B39 /* View+Extensions.swift */ = {isa = PBXFileReference; lastKnownFileType = sourcecode.swift; path = "View+Extensions.swift"; sourceTree = "<group>"; };
		359CDC532AB4C69600DFFDC7 /* OnboardingView.swift */ = {isa = PBXFileReference; lastKnownFileType = sourcecode.swift; path = OnboardingView.swift; sourceTree = "<group>"; };
		359CDC5B2AB4DE3300DFFDC7 /* TabBarView.swift */ = {isa = PBXFileReference; lastKnownFileType = sourcecode.swift; path = TabBarView.swift; sourceTree = "<group>"; };
		359CDC5F2AB4DF4400DFFDC7 /* InitialPermissionView.swift */ = {isa = PBXFileReference; lastKnownFileType = sourcecode.swift; path = InitialPermissionView.swift; sourceTree = "<group>"; };
		359CDC612AB50C0000DFFDC7 /* AddTransactionView.swift */ = {isa = PBXFileReference; lastKnownFileType = sourcecode.swift; path = AddTransactionView.swift; sourceTree = "<group>"; };
		35ACB7E72AB3EDB800F7ECE5 /* OverviewView.swift */ = {isa = PBXFileReference; lastKnownFileType = sourcecode.swift; path = OverviewView.swift; sourceTree = "<group>"; };
		35BEF35C2AB378DB005D1138 /* Source.swift */ = {isa = PBXFileReference; lastKnownFileType = sourcecode.swift; path = Source.swift; sourceTree = "<group>"; };
		35BEF35F2AB37AA6005D1138 /* AddBudgetView.swift */ = {isa = PBXFileReference; lastKnownFileType = sourcecode.swift; path = AddBudgetView.swift; sourceTree = "<group>"; };
		35BEF3622AB38088005D1138 /* BottomSheetModifier.swift */ = {isa = PBXFileReference; lastKnownFileType = sourcecode.swift; path = BottomSheetModifier.swift; sourceTree = "<group>"; };
		35BEF3642AB38814005D1138 /* AddRecurrentPaymentView.swift */ = {isa = PBXFileReference; lastKnownFileType = sourcecode.swift; path = AddRecurrentPaymentView.swift; sourceTree = "<group>"; };
		35C80C6C2ABF59DE0063553E /* RemindersSettingsView.swift */ = {isa = PBXFileReference; lastKnownFileType = sourcecode.swift; path = RemindersSettingsView.swift; sourceTree = "<group>"; };
		35C80C6E2ABF84880063553E /* ContactSettingsView.swift */ = {isa = PBXFileReference; lastKnownFileType = sourcecode.swift; path = ContactSettingsView.swift; sourceTree = "<group>"; };
		35D7D4572ABE0EDC002EB654 /* Expensaro.xcdatamodel */ = {isa = PBXFileReference; lastKnownFileType = wrapper.xcdatamodel; path = Expensaro.xcdatamodel; sourceTree = "<group>"; };
		35D7D4592ABE1004002EB654 /* Category.swift */ = {isa = PBXFileReference; lastKnownFileType = sourcecode.swift; path = Category.swift; sourceTree = "<group>"; };
		35FC566B2ABE01FC009CB36C /* CategoryDataProvider.swift */ = {isa = PBXFileReference; lastKnownFileType = sourcecode.swift; path = CategoryDataProvider.swift; sourceTree = "<group>"; };
/* End PBXFileReference section */

/* Begin PBXFrameworksBuildPhase section */
		359094882AAD3EC300428B39 /* Frameworks */ = {
			isa = PBXFrameworksBuildPhase;
			buildActionMask = 2147483647;
			files = (
				354F2B152AB9F189002516F1 /* SwiftUIIntrospect in Frameworks */,
				359094AB2AAE365900428B39 /* ExpensaroUIKit in Frameworks */,
				358E6B822AC0A3CB00ABA818 /* FloatingButton in Frameworks */,
				359CDC592AB4C8BA00DFFDC7 /* iPages in Frameworks */,
			);
			runOnlyForDeploymentPostprocessing = 0;
		};
/* End PBXFrameworksBuildPhase section */

/* Begin PBXGroup section */
		351839AC2AAF9451008216F3 /* Goals Module */ = {
			isa = PBXGroup;
			children = (
				358773CA2AB772D50078B297 /* Core */,
			);
			path = "Goals Module";
			sourceTree = "<group>";
		};
		351839AD2AAF9461008216F3 /* Overview Module */ = {
			isa = PBXGroup;
			children = (
				358773C92AB772C30078B297 /* Core */,
			);
			path = "Overview Module";
			sourceTree = "<group>";
		};
		351839B02AAF9BD9008216F3 /* Core */ = {
			isa = PBXGroup;
			children = (
				359094AC2AAE390500428B39 /* HomeView.swift */,
			);
			path = Core;
			sourceTree = "<group>";
		};
		352CB2752ABA40F8006C1CEF /* Models */ = {
			isa = PBXGroup;
			children = (
				352CB2762ABA4194006C1CEF /* System */,
			);
			path = Models;
			sourceTree = "<group>";
		};
		352CB2762ABA4194006C1CEF /* System */ = {
			isa = PBXGroup;
			children = (
				352CB2772ABA419D006C1CEF /* Category */,
			);
			path = System;
			sourceTree = "<group>";
		};
		352CB2772ABA419D006C1CEF /* Category */ = {
			isa = PBXGroup;
			children = (
				355BB4092ABCB7BE00A71834 /* DefaultCategory.swift */,
				35FC566B2ABE01FC009CB36C /* CategoryDataProvider.swift */,
				35D7D4562ABE0EDC002EB654 /* Expensaro.xcdatamodeld */,
				35D7D4592ABE1004002EB654 /* Category.swift */,
			);
			path = Category;
			sourceTree = "<group>";
		};
		354F2B062AB8CD9B002516F1 /* Helpers */ = {
			isa = PBXGroup;
			children = (
				354F2B0A2AB8D24B002516F1 /* DateSelectorView.swift */,
				358E6B7E2AC0840900ABA818 /* CategorySelectorView.swift */,
			);
			path = Helpers;
			sourceTree = "<group>";
		};
		354F2B092AB8D229002516F1 /* Core */ = {
			isa = PBXGroup;
			children = (
				35BEF35F2AB37AA6005D1138 /* AddBudgetView.swift */,
				35BEF3642AB38814005D1138 /* AddRecurrentPaymentView.swift */,
				359CDC612AB50C0000DFFDC7 /* AddTransactionView.swift */,
				354F2B042AB8C860002516F1 /* AddGoalView.swift */,
			);
			path = Core;
			sourceTree = "<group>";
		};
		354F2B0F2AB9040C002516F1 /* Settings Module */ = {
			isa = PBXGroup;
			children = (
				354F2B102AB9043A002516F1 /* Core */,
				355BB4062ABCB1D300A71834 /* Helpers */,
			);
			path = "Settings Module";
			sourceTree = "<group>";
		};
		354F2B102AB9043A002516F1 /* Core */ = {
			isa = PBXGroup;
			children = (
				354F2B112AB90443002516F1 /* SettingsView.swift */,
			);
			path = Core;
			sourceTree = "<group>";
		};
		355BB4062ABCB1D300A71834 /* Helpers */ = {
			isa = PBXGroup;
			children = (
				355BB4072ABCB1DE00A71834 /* AddCategoryView.swift */,
				354A7C0A2ABDE57900934E4E /* CategoriesSettingsView.swift */,
				35C80C6C2ABF59DE0063553E /* RemindersSettingsView.swift */,
				35C80C6E2ABF84880063553E /* ContactSettingsView.swift */,
			);
			path = Helpers;
			sourceTree = "<group>";
		};
		358773C92AB772C30078B297 /* Core */ = {
			isa = PBXGroup;
			children = (
				35ACB7E72AB3EDB800F7ECE5 /* OverviewView.swift */,
			);
			path = Core;
			sourceTree = "<group>";
		};
		358773CA2AB772D50078B297 /* Core */ = {
			isa = PBXGroup;
			children = (
				351839AE2AAF94C3008216F3 /* GoalsListView.swift */,
			);
			path = Core;
			sourceTree = "<group>";
		};
		358773CB2AB772E80078B297 /* Views */ = {
			isa = PBXGroup;
			children = (
				358773CC2AB772F20078B297 /* Adding Views */,
			);
			path = Views;
			sourceTree = "<group>";
		};
		358773CC2AB772F20078B297 /* Adding Views */ = {
			isa = PBXGroup;
			children = (
				354F2B092AB8D229002516F1 /* Core */,
				354F2B062AB8CD9B002516F1 /* Helpers */,
			);
			path = "Adding Views";
			sourceTree = "<group>";
		};
		359094822AAD3EC300428B39 = {
			isa = PBXGroup;
			children = (
				3590948D2AAD3EC300428B39 /* Expensaro */,
				3590948C2AAD3EC300428B39 /* Products */,
			);
			sourceTree = "<group>";
		};
		3590948C2AAD3EC300428B39 /* Products */ = {
			isa = PBXGroup;
			children = (
				3590948B2AAD3EC300428B39 /* Expensaro.app */,
			);
			name = Products;
			sourceTree = "<group>";
		};
		3590948D2AAD3EC300428B39 /* Expensaro */ = {
			isa = PBXGroup;
			children = (
				352CB2752ABA40F8006C1CEF /* Models */,
				3590949C2AAD404400428B39 /* Navigation */,
				358773CB2AB772E80078B297 /* Views */,
				359094A72AAE353100428B39 /* Modules */,
				359094B82AAE5A4F00428B39 /* Resources */,
				359094922AAD3EC400428B39 /* Assets.xcassets */,
				3590948E2AAD3EC300428B39 /* ExpensaroApp.swift */,
				359094942AAD3EC400428B39 /* Preview Content */,
			);
			path = Expensaro;
			sourceTree = "<group>";
		};
		359094942AAD3EC400428B39 /* Preview Content */ = {
			isa = PBXGroup;
			children = (
				359094952AAD3EC400428B39 /* Preview Assets.xcassets */,
			);
			path = "Preview Content";
			sourceTree = "<group>";
		};
		3590949C2AAD404400428B39 /* Navigation */ = {
			isa = PBXGroup;
			children = (
				3590949D2AAE33FD00428B39 /* Router.swift */,
				3590949F2AAE340D00428B39 /* RootNavigationController.swift */,
				359094A12AAE341E00428B39 /* NavigationViewBuilder.swift */,
				359094A32AAE342F00428B39 /* NavigationControllers.swift */,
				359094A52AAE344000428B39 /* HostingController.swift */,
			);
			path = Navigation;
			sourceTree = "<group>";
		};
		359094A72AAE353100428B39 /* Modules */ = {
			isa = PBXGroup;
			children = (
				359CDC5A2AB4DE2100DFFDC7 /* Tab Bar Module */,
				354F2B0F2AB9040C002516F1 /* Settings Module */,
				359CDC522AB4C49C00DFFDC7 /* Onboarding Module */,
				359094AE2AAE390900428B39 /* Home Module */,
				351839AD2AAF9461008216F3 /* Overview Module */,
				351839AC2AAF9451008216F3 /* Goals Module */,
			);
			path = Modules;
			sourceTree = "<group>";
		};
		359094AE2AAE390900428B39 /* Home Module */ = {
			isa = PBXGroup;
			children = (
				351839B02AAF9BD9008216F3 /* Core */,
				35BEF35E2AB37A8C005D1138 /* Helpers */,
			);
			path = "Home Module";
			sourceTree = "<group>";
		};
		359094B52AAE574000428B39 /* Extensions */ = {
			isa = PBXGroup;
			children = (
				359094B62AAE575D00428B39 /* View+Extensions.swift */,
			);
			path = Extensions;
			sourceTree = "<group>";
		};
		359094B82AAE5A4F00428B39 /* Resources */ = {
			isa = PBXGroup;
			children = (
				35BEF3612AB38065005D1138 /* ViewModifiers */,
				359094B92AAE5A7300428B39 /* Enums */,
				359094B52AAE574000428B39 /* Extensions */,
				35BEF35C2AB378DB005D1138 /* Source.swift */,
			);
			path = Resources;
			sourceTree = "<group>";
		};
		359094B92AAE5A7300428B39 /* Enums */ = {
			isa = PBXGroup;
			children = (
			);
			path = Enums;
			sourceTree = "<group>";
		};
		359CDC522AB4C49C00DFFDC7 /* Onboarding Module */ = {
			isa = PBXGroup;
			children = (
				359CDC5D2AB4DF1E00DFFDC7 /* Core */,
				359CDC5E2AB4DF2500DFFDC7 /* Helpers */,
			);
			path = "Onboarding Module";
			sourceTree = "<group>";
		};
		359CDC5A2AB4DE2100DFFDC7 /* Tab Bar Module */ = {
			isa = PBXGroup;
			children = (
				359CDC5B2AB4DE3300DFFDC7 /* TabBarView.swift */,
			);
			path = "Tab Bar Module";
			sourceTree = "<group>";
		};
		359CDC5D2AB4DF1E00DFFDC7 /* Core */ = {
			isa = PBXGroup;
			children = (
				359CDC532AB4C69600DFFDC7 /* OnboardingView.swift */,
			);
			path = Core;
			sourceTree = "<group>";
		};
		359CDC5E2AB4DF2500DFFDC7 /* Helpers */ = {
			isa = PBXGroup;
			children = (
				359CDC5F2AB4DF4400DFFDC7 /* InitialPermissionView.swift */,
			);
			path = Helpers;
			sourceTree = "<group>";
		};
		35BEF35E2AB37A8C005D1138 /* Helpers */ = {
			isa = PBXGroup;
			children = (
			);
			path = Helpers;
			sourceTree = "<group>";
		};
		35BEF3612AB38065005D1138 /* ViewModifiers */ = {
			isa = PBXGroup;
			children = (
				35BEF3622AB38088005D1138 /* BottomSheetModifier.swift */,
				35293ACA2ABB5D7900BC993B /* OffsetModifier.swift */,
			);
			path = ViewModifiers;
			sourceTree = "<group>";
		};
/* End PBXGroup section */

/* Begin PBXNativeTarget section */
		3590948A2AAD3EC300428B39 /* Expensaro */ = {
			isa = PBXNativeTarget;
			buildConfigurationList = 359094992AAD3EC400428B39 /* Build configuration list for PBXNativeTarget "Expensaro" */;
			buildPhases = (
				359094872AAD3EC300428B39 /* Sources */,
				359094882AAD3EC300428B39 /* Frameworks */,
				359094892AAD3EC300428B39 /* Resources */,
			);
			buildRules = (
			);
			dependencies = (
			);
			name = Expensaro;
			packageProductDependencies = (
				359094AA2AAE365900428B39 /* ExpensaroUIKit */,
				359CDC582AB4C8BA00DFFDC7 /* iPages */,
				354F2B142AB9F189002516F1 /* SwiftUIIntrospect */,
				358E6B812AC0A3CB00ABA818 /* FloatingButton */,
			);
			productName = Expensaro;
			productReference = 3590948B2AAD3EC300428B39 /* Expensaro.app */;
			productType = "com.apple.product-type.application";
		};
/* End PBXNativeTarget section */

/* Begin PBXProject section */
		359094832AAD3EC300428B39 /* Project object */ = {
			isa = PBXProject;
			attributes = {
				BuildIndependentTargetsInParallel = 1;
				LastSwiftUpdateCheck = 1430;
				LastUpgradeCheck = 1430;
				TargetAttributes = {
					3590948A2AAD3EC300428B39 = {
						CreatedOnToolsVersion = 14.3;
					};
				};
			};
			buildConfigurationList = 359094862AAD3EC300428B39 /* Build configuration list for PBXProject "Expensaro" */;
			compatibilityVersion = "Xcode 14.0";
			developmentRegion = en;
			hasScannedForEncodings = 0;
			knownRegions = (
				en,
				Base,
			);
			mainGroup = 359094822AAD3EC300428B39;
			packageReferences = (
				359094A92AAE365900428B39 /* XCRemoteSwiftPackageReference "ExpensaroUIKit" */,
				359CDC572AB4C8BA00DFFDC7 /* XCRemoteSwiftPackageReference "iPages" */,
				354F2B132AB9F189002516F1 /* XCRemoteSwiftPackageReference "swiftui-introspect" */,
				358E6B802AC0A3CB00ABA818 /* XCRemoteSwiftPackageReference "FloatingButton" */,
			);
			productRefGroup = 3590948C2AAD3EC300428B39 /* Products */;
			projectDirPath = "";
			projectRoot = "";
			targets = (
				3590948A2AAD3EC300428B39 /* Expensaro */,
			);
		};
/* End PBXProject section */

/* Begin PBXResourcesBuildPhase section */
		359094892AAD3EC300428B39 /* Resources */ = {
			isa = PBXResourcesBuildPhase;
			buildActionMask = 2147483647;
			files = (
				359094962AAD3EC400428B39 /* Preview Assets.xcassets in Resources */,
				359094932AAD3EC400428B39 /* Assets.xcassets in Resources */,
			);
			runOnlyForDeploymentPostprocessing = 0;
		};
/* End PBXResourcesBuildPhase section */

/* Begin PBXSourcesBuildPhase section */
		359094872AAD3EC300428B39 /* Sources */ = {
			isa = PBXSourcesBuildPhase;
			buildActionMask = 2147483647;
			files = (
				354F2B122AB90443002516F1 /* SettingsView.swift in Sources */,
				35BEF3632AB38088005D1138 /* BottomSheetModifier.swift in Sources */,
				35C80C6F2ABF84880063553E /* ContactSettingsView.swift in Sources */,
				35BEF3652AB38814005D1138 /* AddRecurrentPaymentView.swift in Sources */,
				354F2B0B2AB8D24B002516F1 /* DateSelectorView.swift in Sources */,
				359094A42AAE342F00428B39 /* NavigationControllers.swift in Sources */,
				35293ACB2ABB5D7900BC993B /* OffsetModifier.swift in Sources */,
				359094B72AAE575D00428B39 /* View+Extensions.swift in Sources */,
				359094A22AAE341E00428B39 /* NavigationViewBuilder.swift in Sources */,
				35BEF35D2AB378DB005D1138 /* Source.swift in Sources */,
				355BB40A2ABCB7BE00A71834 /* DefaultCategory.swift in Sources */,
				35BEF3602AB37AA6005D1138 /* AddBudgetView.swift in Sources */,
				359094A02AAE340D00428B39 /* RootNavigationController.swift in Sources */,
				359CDC602AB4DF4400DFFDC7 /* InitialPermissionView.swift in Sources */,
				354F2B052AB8C861002516F1 /* AddGoalView.swift in Sources */,
				359CDC622AB50C0000DFFDC7 /* AddTransactionView.swift in Sources */,
				359CDC5C2AB4DE3300DFFDC7 /* TabBarView.swift in Sources */,
				35FC566C2ABE01FC009CB36C /* CategoryDataProvider.swift in Sources */,
				358E6B7F2AC0840900ABA818 /* CategorySelectorView.swift in Sources */,
				359094A62AAE344000428B39 /* HostingController.swift in Sources */,
				359094AD2AAE390500428B39 /* HomeView.swift in Sources */,
				354A7C0B2ABDE57900934E4E /* CategoriesSettingsView.swift in Sources */,
				3590949E2AAE33FD00428B39 /* Router.swift in Sources */,
				35C80C6D2ABF59DE0063553E /* RemindersSettingsView.swift in Sources */,
				359CDC542AB4C69600DFFDC7 /* OnboardingView.swift in Sources */,
				35D7D4582ABE0EDC002EB654 /* Expensaro.xcdatamodeld in Sources */,
				355BB4082ABCB1DE00A71834 /* AddCategoryView.swift in Sources */,
				351839AF2AAF94C3008216F3 /* GoalsListView.swift in Sources */,
				35ACB7E82AB3EDB800F7ECE5 /* OverviewView.swift in Sources */,
				3590948F2AAD3EC300428B39 /* ExpensaroApp.swift in Sources */,
				35D7D45A2ABE1004002EB654 /* Category.swift in Sources */,
			);
			runOnlyForDeploymentPostprocessing = 0;
		};
/* End PBXSourcesBuildPhase section */

/* Begin XCBuildConfiguration section */
		359094972AAD3EC400428B39 /* Debug */ = {
			isa = XCBuildConfiguration;
			buildSettings = {
				ALWAYS_SEARCH_USER_PATHS = NO;
				CLANG_ANALYZER_NONNULL = YES;
				CLANG_ANALYZER_NUMBER_OBJECT_CONVERSION = YES_AGGRESSIVE;
				CLANG_CXX_LANGUAGE_STANDARD = "gnu++20";
				CLANG_ENABLE_MODULES = YES;
				CLANG_ENABLE_OBJC_ARC = YES;
				CLANG_ENABLE_OBJC_WEAK = YES;
				CLANG_WARN_BLOCK_CAPTURE_AUTORELEASING = YES;
				CLANG_WARN_BOOL_CONVERSION = YES;
				CLANG_WARN_COMMA = YES;
				CLANG_WARN_CONSTANT_CONVERSION = YES;
				CLANG_WARN_DEPRECATED_OBJC_IMPLEMENTATIONS = YES;
				CLANG_WARN_DIRECT_OBJC_ISA_USAGE = YES_ERROR;
				CLANG_WARN_DOCUMENTATION_COMMENTS = YES;
				CLANG_WARN_EMPTY_BODY = YES;
				CLANG_WARN_ENUM_CONVERSION = YES;
				CLANG_WARN_INFINITE_RECURSION = YES;
				CLANG_WARN_INT_CONVERSION = YES;
				CLANG_WARN_NON_LITERAL_NULL_CONVERSION = YES;
				CLANG_WARN_OBJC_IMPLICIT_RETAIN_SELF = YES;
				CLANG_WARN_OBJC_LITERAL_CONVERSION = YES;
				CLANG_WARN_OBJC_ROOT_CLASS = YES_ERROR;
				CLANG_WARN_QUOTED_INCLUDE_IN_FRAMEWORK_HEADER = YES;
				CLANG_WARN_RANGE_LOOP_ANALYSIS = YES;
				CLANG_WARN_STRICT_PROTOTYPES = YES;
				CLANG_WARN_SUSPICIOUS_MOVE = YES;
				CLANG_WARN_UNGUARDED_AVAILABILITY = YES_AGGRESSIVE;
				CLANG_WARN_UNREACHABLE_CODE = YES;
				CLANG_WARN__DUPLICATE_METHOD_MATCH = YES;
				COPY_PHASE_STRIP = NO;
				DEBUG_INFORMATION_FORMAT = dwarf;
				ENABLE_STRICT_OBJC_MSGSEND = YES;
				ENABLE_TESTABILITY = YES;
				GCC_C_LANGUAGE_STANDARD = gnu11;
				GCC_DYNAMIC_NO_PIC = NO;
				GCC_NO_COMMON_BLOCKS = YES;
				GCC_OPTIMIZATION_LEVEL = 0;
				GCC_PREPROCESSOR_DEFINITIONS = (
					"DEBUG=1",
					"$(inherited)",
				);
				GCC_WARN_64_TO_32_BIT_CONVERSION = YES;
				GCC_WARN_ABOUT_RETURN_TYPE = YES_ERROR;
				GCC_WARN_UNDECLARED_SELECTOR = YES;
				GCC_WARN_UNINITIALIZED_AUTOS = YES_AGGRESSIVE;
				GCC_WARN_UNUSED_FUNCTION = YES;
				GCC_WARN_UNUSED_VARIABLE = YES;
				IPHONEOS_DEPLOYMENT_TARGET = 16.4;
				MTL_ENABLE_DEBUG_INFO = INCLUDE_SOURCE;
				MTL_FAST_MATH = YES;
				ONLY_ACTIVE_ARCH = YES;
				SDKROOT = iphoneos;
				SWIFT_ACTIVE_COMPILATION_CONDITIONS = DEBUG;
				SWIFT_OPTIMIZATION_LEVEL = "-Onone";
			};
			name = Debug;
		};
		359094982AAD3EC400428B39 /* Release */ = {
			isa = XCBuildConfiguration;
			buildSettings = {
				ALWAYS_SEARCH_USER_PATHS = NO;
				CLANG_ANALYZER_NONNULL = YES;
				CLANG_ANALYZER_NUMBER_OBJECT_CONVERSION = YES_AGGRESSIVE;
				CLANG_CXX_LANGUAGE_STANDARD = "gnu++20";
				CLANG_ENABLE_MODULES = YES;
				CLANG_ENABLE_OBJC_ARC = YES;
				CLANG_ENABLE_OBJC_WEAK = YES;
				CLANG_WARN_BLOCK_CAPTURE_AUTORELEASING = YES;
				CLANG_WARN_BOOL_CONVERSION = YES;
				CLANG_WARN_COMMA = YES;
				CLANG_WARN_CONSTANT_CONVERSION = YES;
				CLANG_WARN_DEPRECATED_OBJC_IMPLEMENTATIONS = YES;
				CLANG_WARN_DIRECT_OBJC_ISA_USAGE = YES_ERROR;
				CLANG_WARN_DOCUMENTATION_COMMENTS = YES;
				CLANG_WARN_EMPTY_BODY = YES;
				CLANG_WARN_ENUM_CONVERSION = YES;
				CLANG_WARN_INFINITE_RECURSION = YES;
				CLANG_WARN_INT_CONVERSION = YES;
				CLANG_WARN_NON_LITERAL_NULL_CONVERSION = YES;
				CLANG_WARN_OBJC_IMPLICIT_RETAIN_SELF = YES;
				CLANG_WARN_OBJC_LITERAL_CONVERSION = YES;
				CLANG_WARN_OBJC_ROOT_CLASS = YES_ERROR;
				CLANG_WARN_QUOTED_INCLUDE_IN_FRAMEWORK_HEADER = YES;
				CLANG_WARN_RANGE_LOOP_ANALYSIS = YES;
				CLANG_WARN_STRICT_PROTOTYPES = YES;
				CLANG_WARN_SUSPICIOUS_MOVE = YES;
				CLANG_WARN_UNGUARDED_AVAILABILITY = YES_AGGRESSIVE;
				CLANG_WARN_UNREACHABLE_CODE = YES;
				CLANG_WARN__DUPLICATE_METHOD_MATCH = YES;
				COPY_PHASE_STRIP = NO;
				DEBUG_INFORMATION_FORMAT = "dwarf-with-dsym";
				ENABLE_NS_ASSERTIONS = NO;
				ENABLE_STRICT_OBJC_MSGSEND = YES;
				GCC_C_LANGUAGE_STANDARD = gnu11;
				GCC_NO_COMMON_BLOCKS = YES;
				GCC_WARN_64_TO_32_BIT_CONVERSION = YES;
				GCC_WARN_ABOUT_RETURN_TYPE = YES_ERROR;
				GCC_WARN_UNDECLARED_SELECTOR = YES;
				GCC_WARN_UNINITIALIZED_AUTOS = YES_AGGRESSIVE;
				GCC_WARN_UNUSED_FUNCTION = YES;
				GCC_WARN_UNUSED_VARIABLE = YES;
				IPHONEOS_DEPLOYMENT_TARGET = 16.4;
				MTL_ENABLE_DEBUG_INFO = NO;
				MTL_FAST_MATH = YES;
				SDKROOT = iphoneos;
				SWIFT_COMPILATION_MODE = wholemodule;
				SWIFT_OPTIMIZATION_LEVEL = "-O";
				VALIDATE_PRODUCT = YES;
			};
			name = Release;
		};
		3590949A2AAD3EC400428B39 /* Debug */ = {
			isa = XCBuildConfiguration;
			buildSettings = {
				ASSETCATALOG_COMPILER_APPICON_NAME = AppIcon;
				ASSETCATALOG_COMPILER_GLOBAL_ACCENT_COLOR_NAME = AccentColor;
				CODE_SIGN_STYLE = Automatic;
				CURRENT_PROJECT_VERSION = 1;
				DEVELOPMENT_ASSET_PATHS = "\"Expensaro/Preview Content\"";
				DEVELOPMENT_TEAM = 9S2MZXD36G;
				ENABLE_PREVIEWS = YES;
				GENERATE_INFOPLIST_FILE = YES;
				INFOPLIST_KEY_UIApplicationSceneManifest_Generation = YES;
				INFOPLIST_KEY_UIApplicationSupportsIndirectInputEvents = YES;
				INFOPLIST_KEY_UILaunchScreen_Generation = YES;
				INFOPLIST_KEY_UISupportedInterfaceOrientations = UIInterfaceOrientationPortrait;
				INFOPLIST_KEY_UISupportedInterfaceOrientations_iPad = "UIInterfaceOrientationLandscapeLeft UIInterfaceOrientationLandscapeRight UIInterfaceOrientationPortrait UIInterfaceOrientationPortraitUpsideDown";
				INFOPLIST_KEY_UIUserInterfaceStyle = Light;
				IPHONEOS_DEPLOYMENT_TARGET = 16.0;
				LD_RUNPATH_SEARCH_PATHS = (
					"$(inherited)",
					"@executable_path/Frameworks",
				);
				MARKETING_VERSION = 1.0;
				PRODUCT_BUNDLE_IDENTIFIER = com.MKM.Expensaro;
				PRODUCT_NAME = "$(TARGET_NAME)";
				SUPPORTED_PLATFORMS = "iphoneos iphonesimulator";
				SUPPORTS_MACCATALYST = NO;
				SUPPORTS_MAC_DESIGNED_FOR_IPHONE_IPAD = NO;
				SWIFT_EMIT_LOC_STRINGS = YES;
				SWIFT_VERSION = 5.0;
				TARGETED_DEVICE_FAMILY = 1;
			};
			name = Debug;
		};
		3590949B2AAD3EC400428B39 /* Release */ = {
			isa = XCBuildConfiguration;
			buildSettings = {
				ASSETCATALOG_COMPILER_APPICON_NAME = AppIcon;
				ASSETCATALOG_COMPILER_GLOBAL_ACCENT_COLOR_NAME = AccentColor;
				CODE_SIGN_STYLE = Automatic;
				CURRENT_PROJECT_VERSION = 1;
				DEVELOPMENT_ASSET_PATHS = "\"Expensaro/Preview Content\"";
				DEVELOPMENT_TEAM = 9S2MZXD36G;
				ENABLE_PREVIEWS = YES;
				GENERATE_INFOPLIST_FILE = YES;
				INFOPLIST_KEY_UIApplicationSceneManifest_Generation = YES;
				INFOPLIST_KEY_UIApplicationSupportsIndirectInputEvents = YES;
				INFOPLIST_KEY_UILaunchScreen_Generation = YES;
				INFOPLIST_KEY_UISupportedInterfaceOrientations = UIInterfaceOrientationPortrait;
				INFOPLIST_KEY_UISupportedInterfaceOrientations_iPad = "UIInterfaceOrientationLandscapeLeft UIInterfaceOrientationLandscapeRight UIInterfaceOrientationPortrait UIInterfaceOrientationPortraitUpsideDown";
				INFOPLIST_KEY_UIUserInterfaceStyle = Light;
				IPHONEOS_DEPLOYMENT_TARGET = 16.0;
				LD_RUNPATH_SEARCH_PATHS = (
					"$(inherited)",
					"@executable_path/Frameworks",
				);
				MARKETING_VERSION = 1.0;
				PRODUCT_BUNDLE_IDENTIFIER = com.MKM.Expensaro;
				PRODUCT_NAME = "$(TARGET_NAME)";
				SUPPORTED_PLATFORMS = "iphoneos iphonesimulator";
				SUPPORTS_MACCATALYST = NO;
				SUPPORTS_MAC_DESIGNED_FOR_IPHONE_IPAD = NO;
				SWIFT_EMIT_LOC_STRINGS = YES;
				SWIFT_VERSION = 5.0;
				TARGETED_DEVICE_FAMILY = 1;
			};
			name = Release;
		};
/* End XCBuildConfiguration section */

/* Begin XCConfigurationList section */
		359094862AAD3EC300428B39 /* Build configuration list for PBXProject "Expensaro" */ = {
			isa = XCConfigurationList;
			buildConfigurations = (
				359094972AAD3EC400428B39 /* Debug */,
				359094982AAD3EC400428B39 /* Release */,
			);
			defaultConfigurationIsVisible = 0;
			defaultConfigurationName = Release;
		};
		359094992AAD3EC400428B39 /* Build configuration list for PBXNativeTarget "Expensaro" */ = {
			isa = XCConfigurationList;
			buildConfigurations = (
				3590949A2AAD3EC400428B39 /* Debug */,
				3590949B2AAD3EC400428B39 /* Release */,
			);
			defaultConfigurationIsVisible = 0;
			defaultConfigurationName = Release;
		};
/* End XCConfigurationList section */

/* Begin XCRemoteSwiftPackageReference section */
		354F2B132AB9F189002516F1 /* XCRemoteSwiftPackageReference "swiftui-introspect" */ = {
			isa = XCRemoteSwiftPackageReference;
			repositoryURL = "https://github.com/siteline/swiftui-introspect";
			requirement = {
				kind = upToNextMajorVersion;
				minimumVersion = 1.0.0;
			};
		};
		358E6B802AC0A3CB00ABA818 /* XCRemoteSwiftPackageReference "FloatingButton" */ = {
			isa = XCRemoteSwiftPackageReference;
			repositoryURL = "https://github.com/exyte/FloatingButton.git";
			requirement = {
				kind = upToNextMajorVersion;
				minimumVersion = 1.0.0;
			};
		};
		359094A92AAE365900428B39 /* XCRemoteSwiftPackageReference "ExpensaroUIKit" */ = {
			isa = XCRemoteSwiftPackageReference;
			repositoryURL = "https://github.com/mireabot/ExpensaroUIKit";
			requirement = {
				kind = upToNextMajorVersion;
				minimumVersion = 1.0.0;
			};
		};
		359CDC572AB4C8BA00DFFDC7 /* XCRemoteSwiftPackageReference "iPages" */ = {
			isa = XCRemoteSwiftPackageReference;
			repositoryURL = "https://github.com/benjaminsage/iPages.git";
			requirement = {
				kind = upToNextMajorVersion;
				minimumVersion = 0.0.13;
			};
		};
/* End XCRemoteSwiftPackageReference section */

/* Begin XCSwiftPackageProductDependency section */
		354F2B142AB9F189002516F1 /* SwiftUIIntrospect */ = {
			isa = XCSwiftPackageProductDependency;
			package = 354F2B132AB9F189002516F1 /* XCRemoteSwiftPackageReference "swiftui-introspect" */;
			productName = SwiftUIIntrospect;
		};
		358E6B812AC0A3CB00ABA818 /* FloatingButton */ = {
			isa = XCSwiftPackageProductDependency;
			package = 358E6B802AC0A3CB00ABA818 /* XCRemoteSwiftPackageReference "FloatingButton" */;
			productName = FloatingButton;
		};
		359094AA2AAE365900428B39 /* ExpensaroUIKit */ = {
			isa = XCSwiftPackageProductDependency;
			package = 359094A92AAE365900428B39 /* XCRemoteSwiftPackageReference "ExpensaroUIKit" */;
			productName = ExpensaroUIKit;
		};
		359CDC582AB4C8BA00DFFDC7 /* iPages */ = {
			isa = XCSwiftPackageProductDependency;
			package = 359CDC572AB4C8BA00DFFDC7 /* XCRemoteSwiftPackageReference "iPages" */;
			productName = iPages;
		};
/* End XCSwiftPackageProductDependency section */

/* Begin XCVersionGroup section */
		35D7D4562ABE0EDC002EB654 /* Expensaro.xcdatamodeld */ = {
			isa = XCVersionGroup;
			children = (
				35D7D4572ABE0EDC002EB654 /* Expensaro.xcdatamodel */,
			);
			currentVersion = 35D7D4572ABE0EDC002EB654 /* Expensaro.xcdatamodel */;
			path = Expensaro.xcdatamodeld;
			sourceTree = "<group>";
			versionGroupType = wrapper.xcdatamodel;
		};
/* End XCVersionGroup section */
	};
	rootObject = 359094832AAD3EC300428B39 /* Project object */;
}
