{
  "pins" : [
    {
      "identity" : "expensarouikit",
      "kind" : "remoteSourceControl",
      "location" : "https://github.com/mireabot/ExpensaroUIKit",
      "state" : {
        "revision" : "7611df14955bddafe146d6da92f01027da4988cc",
        "version" : "1.1.25"
      }
    },
    {
      "identity" : "ipages",
      "kind" : "remoteSourceControl",
      "location" : "https://github.com/benjaminsage/iPages.git",
      "state" : {
        "revision" : "f57e3cba2cf4bd0a689236254cde361e54315720",
        "version" : "0.0.13"
      }
    },
    {
      "identity" : "popupview",
      "kind" : "remoteSourceControl",
      "location" : "https://github.com/exyte/PopupView",
      "state" : {
        "revision" : "7cfd26db6cc8a4aedb1a80a5df669019a417bfd2",
        "version" : "2.7.0"
      }
    },
    {
      "identity" : "swiftui-introspect",
      "kind" : "remoteSourceControl",
      "location" : "https://github.com/siteline/swiftui-introspect",
      "state" : {
        "revision" : "3ced72fccb284235c266c1e8a32f1bf93129fc74",
        "version" : "1.1.0"
      }
    }
  ],
  "version" : 2
}
