{
  "pins" : [
    {
      "identity" : "expensarouikit",
      "kind" : "remoteSourceControl",
      "location" : "https://github.com/mireabot/ExpensaroUIKit",
      "state" : {
        "revision" : "e424429e21f2f96c7603334472e63c7dab3e3ae7",
        "version" : "1.1.30"
      }
    },
    {
      "identity" : "ipages",
      "kind" : "remoteSourceControl",
      "location" : "https://github.com/benjaminsage/iPages.git",
      "state" : {
        "revision" : "f57e3cba2cf4bd0a689236254cde361e54315720",
        "version" : "0.0.13"
      }
    },
    {
      "identity" : "popupview",
      "kind" : "remoteSourceControl",
      "location" : "https://github.com/exyte/PopupView",
      "state" : {
        "revision" : "7cfd26db6cc8a4aedb1a80a5df669019a417bfd2",
        "version" : "2.7.0"
      }
    },
    {
      "identity" : "realm-core",
      "kind" : "remoteSourceControl",
      "location" : "https://github.com/realm/realm-core.git",
      "state" : {
        "revision" : "e836317e8238bd32f06086dd7ce6768ef574beb6",
        "version" : "13.22.0"
      }
    },
    {
      "identity" : "realm-swift",
      "kind" : "remoteSourceControl",
      "location" : "https://github.com/realm/realm-swift.git",
      "state" : {
        "revision" : "8249489f28d36f9f37ed076c95029059c60b556d",
        "version" : "10.43.0"
      }
    },
    {
      "identity" : "swiftui-introspect",
      "kind" : "remoteSourceControl",
      "location" : "https://github.com/siteline/swiftui-introspect",
      "state" : {
        "revision" : "3ced72fccb284235c266c1e8a32f1bf93129fc74",
        "version" : "1.1.0"
      }
    }
  ],
  "version" : 2
}
